// !$*UTF8*$!
{
	archiveVersion = 1;
	classes = {
	};
	objectVersion = 77;
	objects = {

/* Begin PBXBuildFile section */
		01FBA4597AE0D8176B512D45 /* ShortcutManagerTests.swift in Sources */ = {isa = PBXBuildFile; fileRef = 481A6595363A2622CE24F766 /* ShortcutManagerTests.swift */; };
		069C94E97B2A1962684BBBF7 /* ProviderManagementTests.swift in Sources */ = {isa = PBXBuildFile; fileRef = D9455562ADC4C2E65DE6C0FA /* ProviderManagementTests.swift */; };
		09571FD3E259C25EDF4C0712 /* PopupViewModelTests.swift in Sources */ = {isa = PBXBuildFile; fileRef = 4AF8695E7041D494FA4CC309 /* PopupViewModelTests.swift */; };
		17D92946C177A361044213EA /* ReviseQualityTests.swift in Sources */ = {isa = PBXBuildFile; fileRef = 13D2EDA51B238B922D627A5D /* ReviseQualityTests.swift */; };
		26743B99E5130935E99C01E7 /* TriggerControllerTests.swift in Sources */ = {isa = PBXBuildFile; fileRef = 8DBFE656A7543AB68083394A /* TriggerControllerTests.swift */; };
		60B6A8AFDA9677A45A8B8C74 /* SelectionObserver.swift in Sources */ = {isa = PBXBuildFile; fileRef = 0A544001D5B65DE0F5EB4A24 /* SelectionObserver.swift */; };
		64F34B80E0A4752A18EBA7EB /* ClipboardManager.swift in Sources */ = {isa = PBXBuildFile; fileRef = DD4EEF4C50BFD4DFCB1BA50D /* ClipboardManager.swift */; };
		6CD63AC9276C49203DCC8F10 /* AnthropicClient.swift in Sources */ = {isa = PBXBuildFile; fileRef = 0089588A66D203A9DD790354 /* AnthropicClient.swift */; };
		6F8EC08781AD2763275A7E1D /* PopupViewModel.swift in Sources */ = {isa = PBXBuildFile; fileRef = 5D82947341A242B8CFCE9374 /* PopupViewModel.swift */; };
		72117EA062A7B0636E2F2FD8 /* AppState.swift in Sources */ = {isa = PBXBuildFile; fileRef = 4BAC4FC3F132679DE1F11187 /* AppState.swift */; };
		82B6A073AF28E01C60B34CB9 /* DiffEngine.swift in Sources */ = {isa = PBXBuildFile; fileRef = 87D42833B33130848B9EE474 /* DiffEngine.swift */; };
		902F3EE84CBCD015C1672DA4 /* RewriteClientTests.swift in Sources */ = {isa = PBXBuildFile; fileRef = 80419656694D42074D543BDF /* RewriteClientTests.swift */; };
		96B79D013AD41527ACDDA3A2 /* DiscoveryTriggerView.swift in Sources */ = {isa = PBXBuildFile; fileRef = 06FF005F1533E12A5BB4C4B1 /* DiscoveryTriggerView.swift */; };
		9AFE84DE8447C18BBD9236C7 /* AppLifecycleTests.swift in Sources */ = {isa = PBXBuildFile; fileRef = 8859E438C328C4BE8ADA3E7E /* AppLifecycleTests.swift */; };
		A5257B13CDF57AF2A18C7AB6 /* ShortcutManager.swift in Sources */ = {isa = PBXBuildFile; fileRef = C34C1DA17106424C0BEC21A3 /* ShortcutManager.swift */; };
		AF0F0B9A2E2117FD51023258 /* KeychainHelper.swift in Sources */ = {isa = PBXBuildFile; fileRef = EE839393A586FAF2218CECFA /* KeychainHelper.swift */; };
		B0C6768A7ED2656B6225B6E0 /* SelectionObserverTests.swift in Sources */ = {isa = PBXBuildFile; fileRef = D504167154AF5D17335D0356 /* SelectionObserverTests.swift */; };
		B27F6FAD3AD55E46E9105224 /* LLMProviderTests.swift in Sources */ = {isa = PBXBuildFile; fileRef = 8A736F95913012CEA759BF03 /* LLMProviderTests.swift */; };
		C1A13B14FCBB0F0E093B77D3 /* PopupController.swift in Sources */ = {isa = PBXBuildFile; fileRef = B5AB906AC9E8F4FDE8998456 /* PopupController.swift */; };
		C3FCB995F4AF80D97B4E8B16 /* AppCapabilityManagerTests.swift in Sources */ = {isa = PBXBuildFile; fileRef = 2C5C83AAA429A25F83B9921E /* AppCapabilityManagerTests.swift */; };
		C7D1732B3864C035255749F4 /* PopupCardView.swift in Sources */ = {isa = PBXBuildFile; fileRef = 49B68140AFE3D408DE7565F4 /* PopupCardView.swift */; };
		D7362289CA99A70D1766CC39 /* AccessibilityManager.swift in Sources */ = {isa = PBXBuildFile; fileRef = 2E0DA1823B86EAC0991E5D08 /* AccessibilityManager.swift */; };
		E03213CCDA49748112BDE169 /* OnboardingView.swift in Sources */ = {isa = PBXBuildFile; fileRef = 9F2DD1660E5591D469897466 /* OnboardingView.swift */; };
		E98D26C6C04AC89C807CD4D1 /* AppCapabilityManager.swift in Sources */ = {isa = PBXBuildFile; fileRef = 2F58F1BFC8460463EDD47A2C /* AppCapabilityManager.swift */; };
		ED712F133905A87DF0E46C03 /* ClipboardManagerTests.swift in Sources */ = {isa = PBXBuildFile; fileRef = C11CDF8D44601431550B0B59 /* ClipboardManagerTests.swift */; };
		F6080BF4853DB421C69F2008 /* SettingsView.swift in Sources */ = {isa = PBXBuildFile; fileRef = BFC85F13AEB7E7A881A6C689 /* SettingsView.swift */; };
		FC4177F25FC09483FC049E7F /* PolishlyApp.swift in Sources */ = {isa = PBXBuildFile; fileRef = 3E8982A182F07C7F3AA51E29 /* PolishlyApp.swift */; };
		FE0F8C8E17C527E6C637AC70 /* SelectionEngine.swift in Sources */ = {isa = PBXBuildFile; fileRef = 91D48057F79223C05E55E0E5 /* SelectionEngine.swift */; };
		FE892BA2D7330AA311166694 /* Assets.xcassets in Resources */ = {isa = PBXBuildFile; fileRef = 4D42ECD7DBC670AF37750AE5 /* Assets.xcassets */; };
/* End PBXBuildFile section */

/* Begin PBXContainerItemProxy section */
		3A0C839992B7B10975F1D360 /* PBXContainerItemProxy */ = {
			isa = PBXContainerItemProxy;
			containerPortal = 0FB264D4C7FB8DBE4119C8AD /* Project object */;
			proxyType = 1;
			remoteGlobalIDString = 73DDF88A5EC90E1E0676320E;
			remoteInfo = Polishly;
		};
/* End PBXContainerItemProxy section */

/* Begin PBXFileReference section */
		0089588A66D203A9DD790354 /* AnthropicClient.swift */ = {isa = PBXFileReference; lastKnownFileType = sourcecode.swift; path = AnthropicClient.swift; sourceTree = "<group>"; };
		06FF005F1533E12A5BB4C4B1 /* DiscoveryTriggerView.swift */ = {isa = PBXFileReference; lastKnownFileType = sourcecode.swift; path = DiscoveryTriggerView.swift; sourceTree = "<group>"; };
		0A544001D5B65DE0F5EB4A24 /* SelectionObserver.swift */ = {isa = PBXFileReference; lastKnownFileType = sourcecode.swift; path = SelectionObserver.swift; sourceTree = "<group>"; };
		13D2EDA51B238B922D627A5D /* ReviseQualityTests.swift */ = {isa = PBXFileReference; lastKnownFileType = sourcecode.swift; path = ReviseQualityTests.swift; sourceTree = "<group>"; };
		2C5C83AAA429A25F83B9921E /* AppCapabilityManagerTests.swift */ = {isa = PBXFileReference; lastKnownFileType = sourcecode.swift; path = AppCapabilityManagerTests.swift; sourceTree = "<group>"; };
		2E0DA1823B86EAC0991E5D08 /* AccessibilityManager.swift */ = {isa = PBXFileReference; lastKnownFileType = sourcecode.swift; path = AccessibilityManager.swift; sourceTree = "<group>"; };
		2F58F1BFC8460463EDD47A2C /* AppCapabilityManager.swift */ = {isa = PBXFileReference; lastKnownFileType = sourcecode.swift; path = AppCapabilityManager.swift; sourceTree = "<group>"; };
		3E8982A182F07C7F3AA51E29 /* PolishlyApp.swift */ = {isa = PBXFileReference; lastKnownFileType = sourcecode.swift; path = PolishlyApp.swift; sourceTree = "<group>"; };
		481A6595363A2622CE24F766 /* ShortcutManagerTests.swift */ = {isa = PBXFileReference; lastKnownFileType = sourcecode.swift; path = ShortcutManagerTests.swift; sourceTree = "<group>"; };
		49B68140AFE3D408DE7565F4 /* PopupCardView.swift */ = {isa = PBXFileReference; lastKnownFileType = sourcecode.swift; path = PopupCardView.swift; sourceTree = "<group>"; };
		4AF8695E7041D494FA4CC309 /* PopupViewModelTests.swift */ = {isa = PBXFileReference; lastKnownFileType = sourcecode.swift; path = PopupViewModelTests.swift; sourceTree = "<group>"; };
		4BAC4FC3F132679DE1F11187 /* AppState.swift */ = {isa = PBXFileReference; lastKnownFileType = sourcecode.swift; path = AppState.swift; sourceTree = "<group>"; };
		4D42ECD7DBC670AF37750AE5 /* Assets.xcassets */ = {isa = PBXFileReference; lastKnownFileType = folder.assetcatalog; path = Assets.xcassets; sourceTree = "<group>"; };
		5665805D398D73966AA105E1 /* Polishly.app */ = {isa = PBXFileReference; explicitFileType = wrapper.application; includeInIndex = 0; path = Polishly.app; sourceTree = BUILT_PRODUCTS_DIR; };
		5D82947341A242B8CFCE9374 /* PopupViewModel.swift */ = {isa = PBXFileReference; lastKnownFileType = sourcecode.swift; path = PopupViewModel.swift; sourceTree = "<group>"; };
		80419656694D42074D543BDF /* RewriteClientTests.swift */ = {isa = PBXFileReference; lastKnownFileType = sourcecode.swift; path = RewriteClientTests.swift; sourceTree = "<group>"; };
		84CE0D98D783254898C90896 /* PolishlyTests.xctest */ = {isa = PBXFileReference; explicitFileType = wrapper.cfbundle; includeInIndex = 0; path = PolishlyTests.xctest; sourceTree = BUILT_PRODUCTS_DIR; };
		87D42833B33130848B9EE474 /* DiffEngine.swift */ = {isa = PBXFileReference; lastKnownFileType = sourcecode.swift; path = DiffEngine.swift; sourceTree = "<group>"; };
		8859E438C328C4BE8ADA3E7E /* AppLifecycleTests.swift */ = {isa = PBXFileReference; lastKnownFileType = sourcecode.swift; path = AppLifecycleTests.swift; sourceTree = "<group>"; };
		8A736F95913012CEA759BF03 /* LLMProviderTests.swift */ = {isa = PBXFileReference; lastKnownFileType = sourcecode.swift; path = LLMProviderTests.swift; sourceTree = "<group>"; };
		8DBFE656A7543AB68083394A /* TriggerControllerTests.swift */ = {isa = PBXFileReference; lastKnownFileType = sourcecode.swift; path = TriggerControllerTests.swift; sourceTree = "<group>"; };
		91D48057F79223C05E55E0E5 /* SelectionEngine.swift */ = {isa = PBXFileReference; lastKnownFileType = sourcecode.swift; path = SelectionEngine.swift; sourceTree = "<group>"; };
		9F2DD1660E5591D469897466 /* OnboardingView.swift */ = {isa = PBXFileReference; lastKnownFileType = sourcecode.swift; path = OnboardingView.swift; sourceTree = "<group>"; };
		B5AB906AC9E8F4FDE8998456 /* PopupController.swift */ = {isa = PBXFileReference; lastKnownFileType = sourcecode.swift; path = PopupController.swift; sourceTree = "<group>"; };
		BFC85F13AEB7E7A881A6C689 /* SettingsView.swift */ = {isa = PBXFileReference; lastKnownFileType = sourcecode.swift; path = SettingsView.swift; sourceTree = "<group>"; };
		C11CDF8D44601431550B0B59 /* ClipboardManagerTests.swift */ = {isa = PBXFileReference; lastKnownFileType = sourcecode.swift; path = ClipboardManagerTests.swift; sourceTree = "<group>"; };
		C34C1DA17106424C0BEC21A3 /* ShortcutManager.swift */ = {isa = PBXFileReference; lastKnownFileType = sourcecode.swift; path = ShortcutManager.swift; sourceTree = "<group>"; };
		D504167154AF5D17335D0356 /* SelectionObserverTests.swift */ = {isa = PBXFileReference; lastKnownFileType = sourcecode.swift; path = SelectionObserverTests.swift; sourceTree = "<group>"; };
		D9455562ADC4C2E65DE6C0FA /* ProviderManagementTests.swift */ = {isa = PBXFileReference; lastKnownFileType = sourcecode.swift; path = ProviderManagementTests.swift; sourceTree = "<group>"; };
		DD4EEF4C50BFD4DFCB1BA50D /* ClipboardManager.swift */ = {isa = PBXFileReference; lastKnownFileType = sourcecode.swift; path = ClipboardManager.swift; sourceTree = "<group>"; };
		EE839393A586FAF2218CECFA /* KeychainHelper.swift */ = {isa = PBXFileReference; lastKnownFileType = sourcecode.swift; path = KeychainHelper.swift; sourceTree = "<group>"; };
/* End PBXFileReference section */

/* Begin PBXGroup section */
		0285398D114DCD3DF198A113 /* Polishly */ = {
			isa = PBXGroup;
			children = (
				4D42ECD7DBC670AF37750AE5 /* Assets.xcassets */,
			);
			path = Polishly;
			sourceTree = "<group>";
		};
		2C6F51C262B0C7983D9B190F = {
			isa = PBXGroup;
			children = (
				0285398D114DCD3DF198A113 /* Polishly */,
				681B8E5AEED641758B08EAB5 /* Polishly */,
				EAAC9167DA9C9B302F2F8351 /* PolishlyTests */,
				C4DA7EECFC56B76E8AC2BAC6 /* Products */,
			);
			sourceTree = "<group>";
		};
		62E7E75AC37D09EC294DEF26 /* UI */ = {
			isa = PBXGroup;
			children = (
				06FF005F1533E12A5BB4C4B1 /* DiscoveryTriggerView.swift */,
				9F2DD1660E5591D469897466 /* OnboardingView.swift */,
				49B68140AFE3D408DE7565F4 /* PopupCardView.swift */,
				B5AB906AC9E8F4FDE8998456 /* PopupController.swift */,
				5D82947341A242B8CFCE9374 /* PopupViewModel.swift */,
				BFC85F13AEB7E7A881A6C689 /* SettingsView.swift */,
			);
			path = UI;
			sourceTree = "<group>";
		};
		681B8E5AEED641758B08EAB5 /* Polishly */ = {
			isa = PBXGroup;
			children = (
				CEC466814A654B924CED2B1C /* App */,
				68FCEC1DB5CB26EAA43B8EF1 /* Core */,
				62E7E75AC37D09EC294DEF26 /* UI */,
			);
			name = Polishly;
			path = Sources/Polishly;
			sourceTree = "<group>";
		};
		68FCEC1DB5CB26EAA43B8EF1 /* Core */ = {
			isa = PBXGroup;
			children = (
				2E0DA1823B86EAC0991E5D08 /* AccessibilityManager.swift */,
				0089588A66D203A9DD790354 /* AnthropicClient.swift */,
				2F58F1BFC8460463EDD47A2C /* AppCapabilityManager.swift */,
				4BAC4FC3F132679DE1F11187 /* AppState.swift */,
				DD4EEF4C50BFD4DFCB1BA50D /* ClipboardManager.swift */,
				87D42833B33130848B9EE474 /* DiffEngine.swift */,
				EE839393A586FAF2218CECFA /* KeychainHelper.swift */,
				91D48057F79223C05E55E0E5 /* SelectionEngine.swift */,
				0A544001D5B65DE0F5EB4A24 /* SelectionObserver.swift */,
				C34C1DA17106424C0BEC21A3 /* ShortcutManager.swift */,
			);
			path = Core;
			sourceTree = "<group>";
		};
		C4DA7EECFC56B76E8AC2BAC6 /* Products */ = {
			isa = PBXGroup;
			children = (
				5665805D398D73966AA105E1 /* Polishly.app */,
				84CE0D98D783254898C90896 /* PolishlyTests.xctest */,
			);
			name = Products;
			sourceTree = "<group>";
		};
		CEC466814A654B924CED2B1C /* App */ = {
			isa = PBXGroup;
			children = (
				3E8982A182F07C7F3AA51E29 /* PolishlyApp.swift */,
			);
			path = App;
			sourceTree = "<group>";
		};
		EAAC9167DA9C9B302F2F8351 /* PolishlyTests */ = {
			isa = PBXGroup;
			children = (
				2C5C83AAA429A25F83B9921E /* AppCapabilityManagerTests.swift */,
				8859E438C328C4BE8ADA3E7E /* AppLifecycleTests.swift */,
				C11CDF8D44601431550B0B59 /* ClipboardManagerTests.swift */,
				8A736F95913012CEA759BF03 /* LLMProviderTests.swift */,
				4AF8695E7041D494FA4CC309 /* PopupViewModelTests.swift */,
				D9455562ADC4C2E65DE6C0FA /* ProviderManagementTests.swift */,
				13D2EDA51B238B922D627A5D /* ReviseQualityTests.swift */,
				80419656694D42074D543BDF /* RewriteClientTests.swift */,
				D504167154AF5D17335D0356 /* SelectionObserverTests.swift */,
				481A6595363A2622CE24F766 /* ShortcutManagerTests.swift */,
				8DBFE656A7543AB68083394A /* TriggerControllerTests.swift */,
			);
			name = PolishlyTests;
			path = Tests/PolishlyTests;
			sourceTree = "<group>";
		};
/* End PBXGroup section */

/* Begin PBXNativeTarget section */
		00661CCE7BFF16A01EDC3B21 /* PolishlyTests */ = {
			isa = PBXNativeTarget;
			buildConfigurationList = 372822CE69D780CCE00E0507 /* Build configuration list for PBXNativeTarget "PolishlyTests" */;
			buildPhases = (
				42FD55C8878D090F26A9CB76 /* Sources */,
			);
			buildRules = (
			);
			dependencies = (
				512CE70CE22FB8578DB051C8 /* PBXTargetDependency */,
			);
			name = PolishlyTests;
			packageProductDependencies = (
			);
			productName = PolishlyTests;
			productReference = 84CE0D98D783254898C90896 /* PolishlyTests.xctest */;
			productType = "com.apple.product-type.bundle.unit-test";
		};
		73DDF88A5EC90E1E0676320E /* Polishly */ = {
			isa = PBXNativeTarget;
			buildConfigurationList = 398CE001EF753634EA839C0A /* Build configuration list for PBXNativeTarget "Polishly" */;
			buildPhases = (
				C9E632DD1AB67AA935A90F8A /* Sources */,
				7D836DAB22DCF609E82467D6 /* Resources */,
			);
			buildRules = (
			);
			dependencies = (
			);
			name = Polishly;
			packageProductDependencies = (
			);
			productName = Polishly;
			productReference = 5665805D398D73966AA105E1 /* Polishly.app */;
			productType = "com.apple.product-type.application";
		};
/* End PBXNativeTarget section */

/* Begin PBXProject section */
		0FB264D4C7FB8DBE4119C8AD /* Project object */ = {
			isa = PBXProject;
			attributes = {
				BuildIndependentTargetsInParallel = YES;
				LastUpgradeCheck = 1430;
				TargetAttributes = {
					73DDF88A5EC90E1E0676320E = {
						DevelopmentTeam = W26KHF87HS;
						ProvisioningStyle = Automatic;
					};
				};
			};
			buildConfigurationList = 5669D131C68840FFB76CA514 /* Build configuration list for PBXProject "Polishly" */;
			compatibilityVersion = "Xcode 14.0";
			developmentRegion = en;
			hasScannedForEncodings = 0;
			knownRegions = (
				Base,
				en,
			);
			mainGroup = 2C6F51C262B0C7983D9B190F;
			minimizedProjectReferenceProxies = 1;
			preferredProjectObjectVersion = 77;
			projectDirPath = "";
			projectRoot = "";
			targets = (
				73DDF88A5EC90E1E0676320E /* Polishly */,
				00661CCE7BFF16A01EDC3B21 /* PolishlyTests */,
			);
		};
/* End PBXProject section */

/* Begin PBXResourcesBuildPhase section */
		7D836DAB22DCF609E82467D6 /* Resources */ = {
			isa = PBXResourcesBuildPhase;
			buildActionMask = 2147483647;
			files = (
				FE892BA2D7330AA311166694 /* Assets.xcassets in Resources */,
			);
			runOnlyForDeploymentPostprocessing = 0;
		};
/* End PBXResourcesBuildPhase section */

/* Begin PBXSourcesBuildPhase section */
		42FD55C8878D090F26A9CB76 /* Sources */ = {
			isa = PBXSourcesBuildPhase;
			buildActionMask = 2147483647;
			files = (
				C3FCB995F4AF80D97B4E8B16 /* AppCapabilityManagerTests.swift in Sources */,
				9AFE84DE8447C18BBD9236C7 /* AppLifecycleTests.swift in Sources */,
				ED712F133905A87DF0E46C03 /* ClipboardManagerTests.swift in Sources */,
				B27F6FAD3AD55E46E9105224 /* LLMProviderTests.swift in Sources */,
				09571FD3E259C25EDF4C0712 /* PopupViewModelTests.swift in Sources */,
				069C94E97B2A1962684BBBF7 /* ProviderManagementTests.swift in Sources */,
				17D92946C177A361044213EA /* ReviseQualityTests.swift in Sources */,
				902F3EE84CBCD015C1672DA4 /* RewriteClientTests.swift in Sources */,
				B0C6768A7ED2656B6225B6E0 /* SelectionObserverTests.swift in Sources */,
				01FBA4597AE0D8176B512D45 /* ShortcutManagerTests.swift in Sources */,
				26743B99E5130935E99C01E7 /* TriggerControllerTests.swift in Sources */,
			);
			runOnlyForDeploymentPostprocessing = 0;
		};
		C9E632DD1AB67AA935A90F8A /* Sources */ = {
			isa = PBXSourcesBuildPhase;
			buildActionMask = 2147483647;
			files = (
				D7362289CA99A70D1766CC39 /* AccessibilityManager.swift in Sources */,
				6CD63AC9276C49203DCC8F10 /* AnthropicClient.swift in Sources */,
				E98D26C6C04AC89C807CD4D1 /* AppCapabilityManager.swift in Sources */,
				72117EA062A7B0636E2F2FD8 /* AppState.swift in Sources */,
				64F34B80E0A4752A18EBA7EB /* ClipboardManager.swift in Sources */,
				82B6A073AF28E01C60B34CB9 /* DiffEngine.swift in Sources */,
				96B79D013AD41527ACDDA3A2 /* DiscoveryTriggerView.swift in Sources */,
				AF0F0B9A2E2117FD51023258 /* KeychainHelper.swift in Sources */,
				E03213CCDA49748112BDE169 /* OnboardingView.swift in Sources */,
				FC4177F25FC09483FC049E7F /* PolishlyApp.swift in Sources */,
				C7D1732B3864C035255749F4 /* PopupCardView.swift in Sources */,
				C1A13B14FCBB0F0E093B77D3 /* PopupController.swift in Sources */,
				6F8EC08781AD2763275A7E1D /* PopupViewModel.swift in Sources */,
				FE0F8C8E17C527E6C637AC70 /* SelectionEngine.swift in Sources */,
				60B6A8AFDA9677A45A8B8C74 /* SelectionObserver.swift in Sources */,
				F6080BF4853DB421C69F2008 /* SettingsView.swift in Sources */,
				A5257B13CDF57AF2A18C7AB6 /* ShortcutManager.swift in Sources */,
			);
			runOnlyForDeploymentPostprocessing = 0;
		};
/* End PBXSourcesBuildPhase section */

/* Begin PBXTargetDependency section */
		512CE70CE22FB8578DB051C8 /* PBXTargetDependency */ = {
			isa = PBXTargetDependency;
			target = 73DDF88A5EC90E1E0676320E /* Polishly */;
			targetProxy = 3A0C839992B7B10975F1D360 /* PBXContainerItemProxy */;
		};
/* End PBXTargetDependency section */

/* Begin XCBuildConfiguration section */
		1C5427A7BCDE2764E915649F /* Release */ = {
			isa = XCBuildConfiguration;
			buildSettings = {
				BUNDLE_LOADER = "$(TEST_HOST)";
				COMBINE_HIDPI_IMAGES = YES;
				GENERATE_INFOPLIST_FILE = YES;
				LD_RUNPATH_SEARCH_PATHS = (
					"$(inherited)",
					"@executable_path/../Frameworks",
					"@loader_path/../Frameworks",
				);
				PRODUCT_BUNDLE_IDENTIFIER = com.polishly.PolishlyTests;
				SDKROOT = macosx;
				TEST_HOST = "$(BUILT_PRODUCTS_DIR)/Polishly.app/Contents/MacOS/Polishly";
			};
			name = Release;
		};
		1D036D12FDAD7FEAFE737046 /* Release */ = {
			isa = XCBuildConfiguration;
			buildSettings = {
				ASSETCATALOG_COMPILER_APPICON_NAME = AppIcon;
				CODE_SIGN_STYLE = Automatic;
				COMBINE_HIDPI_IMAGES = YES;
				DEVELOPMENT_TEAM = W26KHF87HS;
				INFOPLIST_FILE = Polishly/Info.plist;
				LD_RUNPATH_SEARCH_PATHS = (
					"$(inherited)",
					"@executable_path/../Frameworks",
				);
				PRODUCT_BUNDLE_IDENTIFIER = com.polishly.Polishly;
				SDKROOT = macosx;
			};
			name = Release;
		};
		398DC487E243C66629498DD3 /* Debug */ = {
			isa = XCBuildConfiguration;
			buildSettings = {
				BUNDLE_LOADER = "$(TEST_HOST)";
				COMBINE_HIDPI_IMAGES = YES;
				GENERATE_INFOPLIST_FILE = YES;
				LD_RUNPATH_SEARCH_PATHS = (
					"$(inherited)",
					"@executable_path/../Frameworks",
					"@loader_path/../Frameworks",
				);
				PRODUCT_BUNDLE_IDENTIFIER = com.polishly.PolishlyTests;
				SDKROOT = macosx;
				TEST_HOST = "$(BUILT_PRODUCTS_DIR)/Polishly.app/Contents/MacOS/Polishly";
			};
			name = Debug;
		};
		706786358E8D453449E0C33F /* Debug */ = {
			isa = XCBuildConfiguration;
			buildSettings = {
				ASSETCATALOG_COMPILER_APPICON_NAME = AppIcon;
				CODE_SIGN_STYLE = Automatic;
				COMBINE_HIDPI_IMAGES = YES;
				DEVELOPMENT_TEAM = W26KHF87HS;
				INFOPLIST_FILE = Polishly/Info.plist;
				LD_RUNPATH_SEARCH_PATHS = (
					"$(inherited)",
					"@executable_path/../Frameworks",
				);
				PRODUCT_BUNDLE_IDENTIFIER = com.polishly.Polishly;
				SDKROOT = macosx;
			};
			name = Debug;
		};
		D38AD020D152917A8EC8FD2E /* Release */ = {
			isa = XCBuildConfiguration;
			buildSettings = {
				ALWAYS_SEARCH_USER_PATHS = NO;
				CLANG_ANALYZER_NONNULL = YES;
				CLANG_ANALYZER_NUMBER_OBJECT_CONVERSION = YES_AGGRESSIVE;
				CLANG_CXX_LANGUAGE_STANDARD = "gnu++14";
				CLANG_CXX_LIBRARY = "libc++";
				CLANG_ENABLE_MODULES = YES;
				CLANG_ENABLE_OBJC_ARC = YES;
				CLANG_ENABLE_OBJC_WEAK = YES;
				CLANG_WARN_BLOCK_CAPTURE_AUTORELEASING = YES;
				CLANG_WARN_BOOL_CONVERSION = YES;
				CLANG_WARN_COMMA = YES;
				CLANG_WARN_CONSTANT_CONVERSION = YES;
				CLANG_WARN_DEPRECATED_OBJC_IMPLEMENTATIONS = YES;
				CLANG_WARN_DIRECT_OBJC_ISA_USAGE = YES_ERROR;
				CLANG_WARN_DOCUMENTATION_COMMENTS = YES;
				CLANG_WARN_EMPTY_BODY = YES;
				CLANG_WARN_ENUM_CONVERSION = YES;
				CLANG_WARN_INFINITE_RECURSION = YES;
				CLANG_WARN_INT_CONVERSION = YES;
				CLANG_WARN_NON_LITERAL_NULL_CONVERSION = YES;
				CLANG_WARN_OBJC_IMPLICIT_RETAIN_SELF = YES;
				CLANG_WARN_OBJC_LITERAL_CONVERSION = YES;
				CLANG_WARN_OBJC_ROOT_CLASS = YES_ERROR;
				CLANG_WARN_QUOTED_INCLUDE_IN_FRAMEWORK_HEADER = YES;
				CLANG_WARN_RANGE_LOOP_ANALYSIS = YES;
				CLANG_WARN_STRICT_PROTOTYPES = YES;
				CLANG_WARN_SUSPICIOUS_MOVE = YES;
				CLANG_WARN_UNGUARDED_AVAILABILITY = YES_AGGRESSIVE;
				CLANG_WARN_UNREACHABLE_CODE = YES;
				CLANG_WARN__DUPLICATE_METHOD_MATCH = YES;
				COPY_PHASE_STRIP = NO;
				DEBUG_INFORMATION_FORMAT = "dwarf-with-dsym";
				ENABLE_NS_ASSERTIONS = NO;
				ENABLE_STRICT_OBJC_MSGSEND = YES;
				GCC_C_LANGUAGE_STANDARD = gnu11;
				GCC_NO_COMMON_BLOCKS = YES;
				GCC_WARN_64_TO_32_BIT_CONVERSION = YES;
				GCC_WARN_ABOUT_RETURN_TYPE = YES_ERROR;
				GCC_WARN_UNDECLARED_SELECTOR = YES;
				GCC_WARN_UNINITIALIZED_AUTOS = YES_AGGRESSIVE;
				GCC_WARN_UNUSED_FUNCTION = YES;
				GCC_WARN_UNUSED_VARIABLE = YES;
				MACOSX_DEPLOYMENT_TARGET = 14.0;
				MTL_ENABLE_DEBUG_INFO = NO;
				MTL_FAST_MATH = YES;
				PRODUCT_NAME = "$(TARGET_NAME)";
				SDKROOT = macosx;
				SWIFT_COMPILATION_MODE = wholemodule;
				SWIFT_OPTIMIZATION_LEVEL = "-O";
				SWIFT_VERSION = 5.0;
			};
			name = Release;
		};
		F6D0BB8E85910BB405B7EF9F /* Debug */ = {
			isa = XCBuildConfiguration;
			buildSettings = {
				ALWAYS_SEARCH_USER_PATHS = NO;
				CLANG_ANALYZER_NONNULL = YES;
				CLANG_ANALYZER_NUMBER_OBJECT_CONVERSION = YES_AGGRESSIVE;
				CLANG_CXX_LANGUAGE_STANDARD = "gnu++14";
				CLANG_CXX_LIBRARY = "libc++";
				CLANG_ENABLE_MODULES = YES;
				CLANG_ENABLE_OBJC_ARC = YES;
				CLANG_ENABLE_OBJC_WEAK = YES;
				CLANG_WARN_BLOCK_CAPTURE_AUTORELEASING = YES;
				CLANG_WARN_BOOL_CONVERSION = YES;
				CLANG_WARN_COMMA = YES;
				CLANG_WARN_CONSTANT_CONVERSION = YES;
				CLANG_WARN_DEPRECATED_OBJC_IMPLEMENTATIONS = YES;
				CLANG_WARN_DIRECT_OBJC_ISA_USAGE = YES_ERROR;
				CLANG_WARN_DOCUMENTATION_COMMENTS = YES;
				CLANG_WARN_EMPTY_BODY = YES;
				CLANG_WARN_ENUM_CONVERSION = YES;
				CLANG_WARN_INFINITE_RECURSION = YES;
				CLANG_WARN_INT_CONVERSION = YES;
				CLANG_WARN_NON_LITERAL_NULL_CONVERSION = YES;
				CLANG_WARN_OBJC_IMPLICIT_RETAIN_SELF = YES;
				CLANG_WARN_OBJC_LITERAL_CONVERSION = YES;
				CLANG_WARN_OBJC_ROOT_CLASS = YES_ERROR;
				CLANG_WARN_QUOTED_INCLUDE_IN_FRAMEWORK_HEADER = YES;
				CLANG_WARN_RANGE_LOOP_ANALYSIS = YES;
				CLANG_WARN_STRICT_PROTOTYPES = YES;
				CLANG_WARN_SUSPICIOUS_MOVE = YES;
				CLANG_WARN_UNGUARDED_AVAILABILITY = YES_AGGRESSIVE;
				CLANG_WARN_UNREACHABLE_CODE = YES;
				CLANG_WARN__DUPLICATE_METHOD_MATCH = YES;
				COPY_PHASE_STRIP = NO;
				DEBUG_INFORMATION_FORMAT = dwarf;
				ENABLE_STRICT_OBJC_MSGSEND = YES;
				ENABLE_TESTABILITY = YES;
				GCC_C_LANGUAGE_STANDARD = gnu11;
				GCC_DYNAMIC_NO_PIC = NO;
				GCC_NO_COMMON_BLOCKS = YES;
				GCC_OPTIMIZATION_LEVEL = 0;
				GCC_PREPROCESSOR_DEFINITIONS = (
					"$(inherited)",
					"DEBUG=1",
				);
				GCC_WARN_64_TO_32_BIT_CONVERSION = YES;
				GCC_WARN_ABOUT_RETURN_TYPE = YES_ERROR;
				GCC_WARN_UNDECLARED_SELECTOR = YES;
				GCC_WARN_UNINITIALIZED_AUTOS = YES_AGGRESSIVE;
				GCC_WARN_UNUSED_FUNCTION = YES;
				GCC_WARN_UNUSED_VARIABLE = YES;
				MACOSX_DEPLOYMENT_TARGET = 14.0;
				MTL_ENABLE_DEBUG_INFO = INCLUDE_SOURCE;
				MTL_FAST_MATH = YES;
				ONLY_ACTIVE_ARCH = YES;
				PRODUCT_NAME = "$(TARGET_NAME)";
				SDKROOT = macosx;
				SWIFT_ACTIVE_COMPILATION_CONDITIONS = DEBUG;
				SWIFT_OPTIMIZATION_LEVEL = "-Onone";
				SWIFT_VERSION = 5.0;
			};
			name = Debug;
		};
/* End XCBuildConfiguration section */

/* Begin XCConfigurationList section */
		372822CE69D780CCE00E0507 /* Build configuration list for PBXNativeTarget "PolishlyTests" */ = {
			isa = XCConfigurationList;
			buildConfigurations = (
				398DC487E243C66629498DD3 /* Debug */,
				1C5427A7BCDE2764E915649F /* Release */,
			);
			defaultConfigurationIsVisible = 0;
			defaultConfigurationName = Debug;
		};
		398CE001EF753634EA839C0A /* Build configuration list for PBXNativeTarget "Polishly" */ = {
			isa = XCConfigurationList;
			buildConfigurations = (
				706786358E8D453449E0C33F /* Debug */,
				1D036D12FDAD7FEAFE737046 /* Release */,
			);
			defaultConfigurationIsVisible = 0;
			defaultConfigurationName = Debug;
		};
		5669D131C68840FFB76CA514 /* Build configuration list for PBXProject "Polishly" */ = {
			isa = XCConfigurationList;
			buildConfigurations = (
				F6D0BB8E85910BB405B7EF9F /* Debug */,
				D38AD020D152917A8EC8FD2E /* Release */,
			);
			defaultConfigurationIsVisible = 0;
			defaultConfigurationName = Debug;
		};
/* End XCConfigurationList section */
	};
	rootObject = 0FB264D4C7FB8DBE4119C8AD /* Project object */;
}
