// !$*UTF8*$!
{
	archiveVersion = 1;
	classes = {
	};
	objectVersion = 77;
	objects = {

/* Begin PBXBuildFile section */
		394BF9A6EEF0A6B4FFB1969D /* KeyboardShortcuts in Frameworks */ = {isa = PBXBuildFile; productRef = 7ECC3719641F1D40255CFFB9 /* KeyboardShortcuts */; };
		64F34B80E0A4752A18EBA7EB /* ClipboardManager.swift in Sources */ = {isa = PBXBuildFile; fileRef = DD4EEF4C50BFD4DFCB1BA50D /* ClipboardManager.swift */; };
		6CD63AC9276C49203DCC8F10 /* AnthropicClient.swift in Sources */ = {isa = PBXBuildFile; fileRef = 0089588A66D203A9DD790354 /* AnthropicClient.swift */; };
		6F8EC08781AD2763275A7E1D /* PopupViewModel.swift in Sources */ = {isa = PBXBuildFile; fileRef = 5D82947341A242B8CFCE9374 /* PopupViewModel.swift */; };
		72117EA062A7B0636E2F2FD8 /* AppState.swift in Sources */ = {isa = PBXBuildFile; fileRef = 4BAC4FC3F132679DE1F11187 /* AppState.swift */; };
		82B6A073AF28E01C60B34CB9 /* DiffEngine.swift in Sources */ = {isa = PBXBuildFile; fileRef = 87D42833B33130848B9EE474 /* DiffEngine.swift */; };
		A5257B13CDF57AF2A18C7AB6 /* ShortcutManager.swift in Sources */ = {isa = PBXBuildFile; fileRef = C34C1DA17106424C0BEC21A3 /* ShortcutManager.swift */; };
		AF0F0B9A2E2117FD51023258 /* KeychainHelper.swift in Sources */ = {isa = PBXBuildFile; fileRef = EE839393A586FAF2218CECFA /* KeychainHelper.swift */; };
		C1A13B14FCBB0F0E093B77D3 /* PopupController.swift in Sources */ = {isa = PBXBuildFile; fileRef = B5AB906AC9E8F4FDE8998456 /* PopupController.swift */; };
		C7D1732B3864C035255749F4 /* PopupCardView.swift in Sources */ = {isa = PBXBuildFile; fileRef = 49B68140AFE3D408DE7565F4 /* PopupCardView.swift */; };
		D7362289CA99A70D1766CC39 /* AccessibilityManager.swift in Sources */ = {isa = PBXBuildFile; fileRef = 2E0DA1823B86EAC0991E5D08 /* AccessibilityManager.swift */; };
		E03213CCDA49748112BDE169 /* OnboardingView.swift in Sources */ = {isa = PBXBuildFile; fileRef = 9F2DD1660E5591D469897466 /* OnboardingView.swift */; };
		F6080BF4853DB421C69F2008 /* SettingsView.swift in Sources */ = {isa = PBXBuildFile; fileRef = BFC85F13AEB7E7A881A6C689 /* SettingsView.swift */; };
		FC4177F25FC09483FC049E7F /* PolishlyApp.swift in Sources */ = {isa = PBXBuildFile; fileRef = 3E8982A182F07C7F3AA51E29 /* PolishlyApp.swift */; };
		FE0F8C8E17C527E6C637AC70 /* SelectionEngine.swift in Sources */ = {isa = PBXBuildFile; fileRef = 91D48057F79223C05E55E0E5 /* SelectionEngine.swift */; };
/* End PBXBuildFile section */

/* Begin PBXFileReference section */
		0089588A66D203A9DD790354 /* AnthropicClient.swift */ = {isa = PBXFileReference; lastKnownFileType = sourcecode.swift; path = AnthropicClient.swift; sourceTree = "<group>"; };
		2E0DA1823B86EAC0991E5D08 /* AccessibilityManager.swift */ = {isa = PBXFileReference; lastKnownFileType = sourcecode.swift; path = AccessibilityManager.swift; sourceTree = "<group>"; };
		3E8982A182F07C7F3AA51E29 /* PolishlyApp.swift */ = {isa = PBXFileReference; lastKnownFileType = sourcecode.swift; path = PolishlyApp.swift; sourceTree = "<group>"; };
		49B68140AFE3D408DE7565F4 /* PopupCardView.swift */ = {isa = PBXFileReference; lastKnownFileType = sourcecode.swift; path = PopupCardView.swift; sourceTree = "<group>"; };
		4BAC4FC3F132679DE1F11187 /* AppState.swift */ = {isa = PBXFileReference; lastKnownFileType = sourcecode.swift; path = AppState.swift; sourceTree = "<group>"; };
		5665805D398D73966AA105E1 /* Polishly.app */ = {isa = PBXFileReference; explicitFileType = wrapper.application; includeInIndex = 0; path = Polishly.app; sourceTree = BUILT_PRODUCTS_DIR; };
		5D82947341A242B8CFCE9374 /* PopupViewModel.swift */ = {isa = PBXFileReference; lastKnownFileType = sourcecode.swift; path = PopupViewModel.swift; sourceTree = "<group>"; };
		87D42833B33130848B9EE474 /* DiffEngine.swift */ = {isa = PBXFileReference; lastKnownFileType = sourcecode.swift; path = DiffEngine.swift; sourceTree = "<group>"; };
		91D48057F79223C05E55E0E5 /* SelectionEngine.swift */ = {isa = PBXFileReference; lastKnownFileType = sourcecode.swift; path = SelectionEngine.swift; sourceTree = "<group>"; };
		9F2DD1660E5591D469897466 /* OnboardingView.swift */ = {isa = PBXFileReference; lastKnownFileType = sourcecode.swift; path = OnboardingView.swift; sourceTree = "<group>"; };
		B5AB906AC9E8F4FDE8998456 /* PopupController.swift */ = {isa = PBXFileReference; lastKnownFileType = sourcecode.swift; path = PopupController.swift; sourceTree = "<group>"; };
		BFC85F13AEB7E7A881A6C689 /* SettingsView.swift */ = {isa = PBXFileReference; lastKnownFileType = sourcecode.swift; path = SettingsView.swift; sourceTree = "<group>"; };
		C34C1DA17106424C0BEC21A3 /* ShortcutManager.swift */ = {isa = PBXFileReference; lastKnownFileType = sourcecode.swift; path = ShortcutManager.swift; sourceTree = "<group>"; };
		DD4EEF4C50BFD4DFCB1BA50D /* ClipboardManager.swift */ = {isa = PBXFileReference; lastKnownFileType = sourcecode.swift; path = ClipboardManager.swift; sourceTree = "<group>"; };
		EE839393A586FAF2218CECFA /* KeychainHelper.swift */ = {isa = PBXFileReference; lastKnownFileType = sourcecode.swift; path = KeychainHelper.swift; sourceTree = "<group>"; };
/* End PBXFileReference section */

/* Begin PBXFrameworksBuildPhase section */
		F670484F4C8F133D7D1547E3 /* Frameworks */ = {
			isa = PBXFrameworksBuildPhase;
			buildActionMask = 2147483647;
			files = (
				394BF9A6EEF0A6B4FFB1969D /* KeyboardShortcuts in Frameworks */,
			);
			runOnlyForDeploymentPostprocessing = 0;
		};
/* End PBXFrameworksBuildPhase section */

/* Begin PBXGroup section */
		0285398D114DCD3DF198A113 /* Polishly */ = {
			isa = PBXGroup;
			children = (
				CEC466814A654B924CED2B1C /* App */,
				68FCEC1DB5CB26EAA43B8EF1 /* Core */,
				62E7E75AC37D09EC294DEF26 /* UI */,
			);
			name = Polishly;
			path = Sources/Polishly;
			sourceTree = "<group>";
		};
		2C6F51C262B0C7983D9B190F = {
			isa = PBXGroup;
			children = (
				0285398D114DCD3DF198A113 /* Polishly */,
				C4DA7EECFC56B76E8AC2BAC6 /* Products */,
			);
			sourceTree = "<group>";
		};
		62E7E75AC37D09EC294DEF26 /* UI */ = {
			isa = PBXGroup;
			children = (
				9F2DD1660E5591D469897466 /* OnboardingView.swift */,
				49B68140AFE3D408DE7565F4 /* PopupCardView.swift */,
				B5AB906AC9E8F4FDE8998456 /* PopupController.swift */,
				5D82947341A242B8CFCE9374 /* PopupViewModel.swift */,
				BFC85F13AEB7E7A881A6C689 /* SettingsView.swift */,
			);
			path = UI;
			sourceTree = "<group>";
		};
		68FCEC1DB5CB26EAA43B8EF1 /* Core */ = {
			isa = PBXGroup;
			children = (
				2E0DA1823B86EAC0991E5D08 /* AccessibilityManager.swift */,
				0089588A66D203A9DD790354 /* AnthropicClient.swift */,
				4BAC4FC3F132679DE1F11187 /* AppState.swift */,
				DD4EEF4C50BFD4DFCB1BA50D /* ClipboardManager.swift */,
				87D42833B33130848B9EE474 /* DiffEngine.swift */,
				EE839393A586FAF2218CECFA /* KeychainHelper.swift */,
				91D48057F79223C05E55E0E5 /* SelectionEngine.swift */,
				C34C1DA17106424C0BEC21A3 /* ShortcutManager.swift */,
			);
			path = Core;
			sourceTree = "<group>";
		};
		C4DA7EECFC56B76E8AC2BAC6 /* Products */ = {
			isa = PBXGroup;
			children = (
				5665805D398D73966AA105E1 /* Polishly.app */,
			);
			name = Products;
			sourceTree = "<group>";
		};
		CEC466814A654B924CED2B1C /* App */ = {
			isa = PBXGroup;
			children = (
				3E8982A182F07C7F3AA51E29 /* PolishlyApp.swift */,
			);
			path = App;
			sourceTree = "<group>";
		};
/* End PBXGroup section */

/* Begin PBXNativeTarget section */
		73DDF88A5EC90E1E0676320E /* Polishly */ = {
			isa = PBXNativeTarget;
			buildConfigurationList = 398CE001EF753634EA839C0A /* Build configuration list for PBXNativeTarget "Polishly" */;
			buildPhases = (
				C9E632DD1AB67AA935A90F8A /* Sources */,
				F670484F4C8F133D7D1547E3 /* Frameworks */,
			);
			buildRules = (
			);
			dependencies = (
			);
			name = Polishly;
			packageProductDependencies = (
				7ECC3719641F1D40255CFFB9 /* KeyboardShortcuts */,
			);
			productName = Polishly;
			productReference = 5665805D398D73966AA105E1 /* Polishly.app */;
			productType = "com.apple.product-type.application";
		};
/* End PBXNativeTarget section */

/* Begin PBXProject section */
		0FB264D4C7FB8DBE4119C8AD /* Project object */ = {
			isa = PBXProject;
			attributes = {
				BuildIndependentTargetsInParallel = YES;
				LastUpgradeCheck = 1430;
			};
			buildConfigurationList = 5669D131C68840FFB76CA514 /* Build configuration list for PBXProject "Polishly" */;
			compatibilityVersion = "Xcode 14.0";
			developmentRegion = en;
			hasScannedForEncodings = 0;
			knownRegions = (
				Base,
				en,
			);
			mainGroup = 2C6F51C262B0C7983D9B190F;
			minimizedProjectReferenceProxies = 1;
			packageReferences = (
				4A44703B7258E64786D9AC15 /* XCRemoteSwiftPackageReference "KeyboardShortcuts" */,
			);
			preferredProjectObjectVersion = 77;
			projectDirPath = "";
			projectRoot = "";
			targets = (
				73DDF88A5EC90E1E0676320E /* Polishly */,
			);
		};
/* End PBXProject section */

/* Begin PBXSourcesBuildPhase section */
		C9E632DD1AB67AA935A90F8A /* Sources */ = {
			isa = PBXSourcesBuildPhase;
			buildActionMask = 2147483647;
			files = (
				D7362289CA99A70D1766CC39 /* AccessibilityManager.swift in Sources */,
				6CD63AC9276C49203DCC8F10 /* AnthropicClient.swift in Sources */,
				72117EA062A7B0636E2F2FD8 /* AppState.swift in Sources */,
				64F34B80E0A4752A18EBA7EB /* ClipboardManager.swift in Sources */,
				82B6A073AF28E01C60B34CB9 /* DiffEngine.swift in Sources */,
				AF0F0B9A2E2117FD51023258 /* KeychainHelper.swift in Sources */,
				E03213CCDA49748112BDE169 /* OnboardingView.swift in Sources */,
				FC4177F25FC09483FC049E7F /* PolishlyApp.swift in Sources */,
				C7D1732B3864C035255749F4 /* PopupCardView.swift in Sources */,
				C1A13B14FCBB0F0E093B77D3 /* PopupController.swift in Sources */,
				6F8EC08781AD2763275A7E1D /* PopupViewModel.swift in Sources */,
				FE0F8C8E17C527E6C637AC70 /* SelectionEngine.swift in Sources */,
				F6080BF4853DB421C69F2008 /* SettingsView.swift in Sources */,
				A5257B13CDF57AF2A18C7AB6 /* ShortcutManager.swift in Sources */,
			);
			runOnlyForDeploymentPostprocessing = 0;
		};
/* End PBXSourcesBuildPhase section */

/* Begin XCBuildConfiguration section */
		1D036D12FDAD7FEAFE737046 /* Release */ = {
			isa = XCBuildConfiguration;
			buildSettings = {
				ASSETCATALOG_COMPILER_APPICON_NAME = AppIcon;
				COMBINE_HIDPI_IMAGES = YES;
				INFOPLIST_FILE = Polishly/Info.plist;
				LD_RUNPATH_SEARCH_PATHS = (
					"$(inherited)",
					"@executable_path/../Frameworks",
				);
				PRODUCT_BUNDLE_IDENTIFIER = com.polishly.Polishly;
				SDKROOT = macosx;
			};
			name = Release;
		};
		706786358E8D453449E0C33F /* Debug */ = {
			isa = XCBuildConfiguration;
			buildSettings = {
				ASSETCATALOG_COMPILER_APPICON_NAME = AppIcon;
				COMBINE_HIDPI_IMAGES = YES;
				INFOPLIST_FILE = Polishly/Info.plist;
				LD_RUNPATH_SEARCH_PATHS = (
					"$(inherited)",
					"@executable_path/../Frameworks",
				);
				PRODUCT_BUNDLE_IDENTIFIER = com.polishly.Polishly;
				SDKROOT = macosx;
			};
			name = Debug;
		};
		D38AD020D152917A8EC8FD2E /* Release */ = {
			isa = XCBuildConfiguration;
			buildSettings = {
				ALWAYS_SEARCH_USER_PATHS = NO;
				CLANG_ANALYZER_NONNULL = YES;
				CLANG_ANALYZER_NUMBER_OBJECT_CONVERSION = YES_AGGRESSIVE;
				CLANG_CXX_LANGUAGE_STANDARD = "gnu++14";
				CLANG_CXX_LIBRARY = "libc++";
				CLANG_ENABLE_MODULES = YES;
				CLANG_ENABLE_OBJC_ARC = YES;
				CLANG_ENABLE_OBJC_WEAK = YES;
				CLANG_WARN_BLOCK_CAPTURE_AUTORELEASING = YES;
				CLANG_WARN_BOOL_CONVERSION = YES;
				CLANG_WARN_COMMA = YES;
				CLANG_WARN_CONSTANT_CONVERSION = YES;
				CLANG_WARN_DEPRECATED_OBJC_IMPLEMENTATIONS = YES;
				CLANG_WARN_DIRECT_OBJC_ISA_USAGE = YES_ERROR;
				CLANG_WARN_DOCUMENTATION_COMMENTS = YES;
				CLANG_WARN_EMPTY_BODY = YES;
				CLANG_WARN_ENUM_CONVERSION = YES;
				CLANG_WARN_INFINITE_RECURSION = YES;
				CLANG_WARN_INT_CONVERSION = YES;
				CLANG_WARN_NON_LITERAL_NULL_CONVERSION = YES;
				CLANG_WARN_OBJC_IMPLICIT_RETAIN_SELF = YES;
				CLANG_WARN_OBJC_LITERAL_CONVERSION = YES;
				CLANG_WARN_OBJC_ROOT_CLASS = YES_ERROR;
				CLANG_WARN_QUOTED_INCLUDE_IN_FRAMEWORK_HEADER = YES;
				CLANG_WARN_RANGE_LOOP_ANALYSIS = YES;
				CLANG_WARN_STRICT_PROTOTYPES = YES;
				CLANG_WARN_SUSPICIOUS_MOVE = YES;
				CLANG_WARN_UNGUARDED_AVAILABILITY = YES_AGGRESSIVE;
				CLANG_WARN_UNREACHABLE_CODE = YES;
				CLANG_WARN__DUPLICATE_METHOD_MATCH = YES;
				COPY_PHASE_STRIP = NO;
				DEBUG_INFORMATION_FORMAT = "dwarf-with-dsym";
				ENABLE_NS_ASSERTIONS = NO;
				ENABLE_STRICT_OBJC_MSGSEND = YES;
				GCC_C_LANGUAGE_STANDARD = gnu11;
				GCC_NO_COMMON_BLOCKS = YES;
				GCC_WARN_64_TO_32_BIT_CONVERSION = YES;
				GCC_WARN_ABOUT_RETURN_TYPE = YES_ERROR;
				GCC_WARN_UNDECLARED_SELECTOR = YES;
				GCC_WARN_UNINITIALIZED_AUTOS = YES_AGGRESSIVE;
				GCC_WARN_UNUSED_FUNCTION = YES;
				GCC_WARN_UNUSED_VARIABLE = YES;
				MACOSX_DEPLOYMENT_TARGET = 14.0;
				MTL_ENABLE_DEBUG_INFO = NO;
				MTL_FAST_MATH = YES;
				PRODUCT_NAME = "$(TARGET_NAME)";
				SDKROOT = macosx;
				SWIFT_COMPILATION_MODE = wholemodule;
				SWIFT_OPTIMIZATION_LEVEL = "-O";
				SWIFT_VERSION = 5.0;
			};
			name = Release;
		};
		F6D0BB8E85910BB405B7EF9F /* Debug */ = {
			isa = XCBuildConfiguration;
			buildSettings = {
				ALWAYS_SEARCH_USER_PATHS = NO;
				CLANG_ANALYZER_NONNULL = YES;
				CLANG_ANALYZER_NUMBER_OBJECT_CONVERSION = YES_AGGRESSIVE;
				CLANG_CXX_LANGUAGE_STANDARD = "gnu++14";
				CLANG_CXX_LIBRARY = "libc++";
				CLANG_ENABLE_MODULES = YES;
				CLANG_ENABLE_OBJC_ARC = YES;
				CLANG_ENABLE_OBJC_WEAK = YES;
				CLANG_WARN_BLOCK_CAPTURE_AUTORELEASING = YES;
				CLANG_WARN_BOOL_CONVERSION = YES;
				CLANG_WARN_COMMA = YES;
				CLANG_WARN_CONSTANT_CONVERSION = YES;
				CLANG_WARN_DEPRECATED_OBJC_IMPLEMENTATIONS = YES;
				CLANG_WARN_DIRECT_OBJC_ISA_USAGE = YES_ERROR;
				CLANG_WARN_DOCUMENTATION_COMMENTS = YES;
				CLANG_WARN_EMPTY_BODY = YES;
				CLANG_WARN_ENUM_CONVERSION = YES;
				CLANG_WARN_INFINITE_RECURSION = YES;
				CLANG_WARN_INT_CONVERSION = YES;
				CLANG_WARN_NON_LITERAL_NULL_CONVERSION = YES;
				CLANG_WARN_OBJC_IMPLICIT_RETAIN_SELF = YES;
				CLANG_WARN_OBJC_LITERAL_CONVERSION = YES;
				CLANG_WARN_OBJC_ROOT_CLASS = YES_ERROR;
				CLANG_WARN_QUOTED_INCLUDE_IN_FRAMEWORK_HEADER = YES;
				CLANG_WARN_RANGE_LOOP_ANALYSIS = YES;
				CLANG_WARN_STRICT_PROTOTYPES = YES;
				CLANG_WARN_SUSPICIOUS_MOVE = YES;
				CLANG_WARN_UNGUARDED_AVAILABILITY = YES_AGGRESSIVE;
				CLANG_WARN_UNREACHABLE_CODE = YES;
				CLANG_WARN__DUPLICATE_METHOD_MATCH = YES;
				COPY_PHASE_STRIP = NO;
				DEBUG_INFORMATION_FORMAT = dwarf;
				ENABLE_STRICT_OBJC_MSGSEND = YES;
				ENABLE_TESTABILITY = YES;
				GCC_C_LANGUAGE_STANDARD = gnu11;
				GCC_DYNAMIC_NO_PIC = NO;
				GCC_NO_COMMON_BLOCKS = YES;
				GCC_OPTIMIZATION_LEVEL = 0;
				GCC_PREPROCESSOR_DEFINITIONS = (
					"$(inherited)",
					"DEBUG=1",
				);
				GCC_WARN_64_TO_32_BIT_CONVERSION = YES;
				GCC_WARN_ABOUT_RETURN_TYPE = YES_ERROR;
				GCC_WARN_UNDECLARED_SELECTOR = YES;
				GCC_WARN_UNINITIALIZED_AUTOS = YES_AGGRESSIVE;
				GCC_WARN_UNUSED_FUNCTION = YES;
				GCC_WARN_UNUSED_VARIABLE = YES;
				MACOSX_DEPLOYMENT_TARGET = 14.0;
				MTL_ENABLE_DEBUG_INFO = INCLUDE_SOURCE;
				MTL_FAST_MATH = YES;
				ONLY_ACTIVE_ARCH = YES;
				PRODUCT_NAME = "$(TARGET_NAME)";
				SDKROOT = macosx;
				SWIFT_ACTIVE_COMPILATION_CONDITIONS = DEBUG;
				SWIFT_OPTIMIZATION_LEVEL = "-Onone";
				SWIFT_VERSION = 5.0;
			};
			name = Debug;
		};
/* End XCBuildConfiguration section */

/* Begin XCConfigurationList section */
		398CE001EF753634EA839C0A /* Build configuration list for PBXNativeTarget "Polishly" */ = {
			isa = XCConfigurationList;
			buildConfigurations = (
				706786358E8D453449E0C33F /* Debug */,
				1D036D12FDAD7FEAFE737046 /* Release */,
			);
			defaultConfigurationIsVisible = 0;
			defaultConfigurationName = Debug;
		};
		5669D131C68840FFB76CA514 /* Build configuration list for PBXProject "Polishly" */ = {
			isa = XCConfigurationList;
			buildConfigurations = (
				F6D0BB8E85910BB405B7EF9F /* Debug */,
				D38AD020D152917A8EC8FD2E /* Release */,
			);
			defaultConfigurationIsVisible = 0;
			defaultConfigurationName = Debug;
		};
/* End XCConfigurationList section */

/* Begin XCRemoteSwiftPackageReference section */
		4A44703B7258E64786D9AC15 /* XCRemoteSwiftPackageReference "KeyboardShortcuts" */ = {
			isa = XCRemoteSwiftPackageReference;
			repositoryURL = "https://github.com/sindresorhus/KeyboardShortcuts";
			requirement = {
				kind = upToNextMajorVersion;
				minimumVersion = 2.0.0;
			};
		};
/* End XCRemoteSwiftPackageReference section */

/* Begin XCSwiftPackageProductDependency section */
		7ECC3719641F1D40255CFFB9 /* KeyboardShortcuts */ = {
			isa = XCSwiftPackageProductDependency;
			package = 4A44703B7258E64786D9AC15 /* XCRemoteSwiftPackageReference "KeyboardShortcuts" */;
			productName = KeyboardShortcuts;
		};
/* End XCSwiftPackageProductDependency section */
	};
	rootObject = 0FB264D4C7FB8DBE4119C8AD /* Project object */;
}
