// !$*UTF8*$!
{
	archiveVersion = 1;
	classes = {
	};
	objectVersion = 77;
	objects = {

/* Begin PBXBuildFile section */
		04F9E1FE15236A6BBDA64264 /* ProviderManagementTests.swift in Sources */ = {isa = PBXBuildFile; fileRef = C933BC250C1F5B8012D57E15 /* ProviderManagementTests.swift */; };
		07A6CC021D226C4E89592BC0 /* SelectionObserverTests.swift in Sources */ = {isa = PBXBuildFile; fileRef = FFAB38663FDEC7BF665A0F30 /* SelectionObserverTests.swift */; };
		1642C63BCE9BA66D7B0E6D98 /* OnboardingView.swift in Sources */ = {isa = PBXBuildFile; fileRef = 5A4608B24794524761D45053 /* OnboardingView.swift */; };
		1E0E50F60459226D693D8CFC /* AccessibilityManager.swift in Sources */ = {isa = PBXBuildFile; fileRef = 54E6135DFCF295AEC9CD20DE /* AccessibilityManager.swift */; };
		1E13AC51D226B4B72BF3040F /* AppCapabilityManagerTests.swift in Sources */ = {isa = PBXBuildFile; fileRef = F9036ED9D14EC94302D9FDC3 /* AppCapabilityManagerTests.swift */; };
		23399386EC6FB65A2B0B085D /* DiffEngine.swift in Sources */ = {isa = PBXBuildFile; fileRef = E1A5A529A1BA785D51B24469 /* DiffEngine.swift */; };
		3553501E3EEF73383F858374 /* PopupViewModelTests.swift in Sources */ = {isa = PBXBuildFile; fileRef = DE6722248A3B53077A2009C8 /* PopupViewModelTests.swift */; };
		393FA7812464815E9B0D2BE4 /* KeychainHelper.swift in Sources */ = {isa = PBXBuildFile; fileRef = 8B0F624E6D5350319931FD54 /* KeychainHelper.swift */; };
		3DAC296056312AC69733B774 /* RewriteClientTests.swift in Sources */ = {isa = PBXBuildFile; fileRef = E3FAA6D27778896B40736420 /* RewriteClientTests.swift */; };
		3F872C6DFCE74AAB0185E3E6 /* OnboardingTests.swift in Sources */ = {isa = PBXBuildFile; fileRef = 8A3B642E659AE95B1C76588C /* OnboardingTests.swift */; };
		5362AA3C6CA760B51C647732 /* PopupController.swift in Sources */ = {isa = PBXBuildFile; fileRef = 67DFA925FA03CEC065FECF5A /* PopupController.swift */; };
		5AC9577498A48B7E200B987E /* SelectionObserver.swift in Sources */ = {isa = PBXBuildFile; fileRef = 64601CB3FC142767BD2AE460 /* SelectionObserver.swift */; };
		5CFF4037F7F9FE48E30BEB8C /* AnthropicClient.swift in Sources */ = {isa = PBXBuildFile; fileRef = 79DAE01F4758F96FD849B4D3 /* AnthropicClient.swift */; };
		5DDCA55F7FA91EC4C3356113 /* ClipboardManager.swift in Sources */ = {isa = PBXBuildFile; fileRef = C1310BB1720EAF444BD8A02B /* ClipboardManager.swift */; };
		7EE58F085318E91D53D583D8 /* MultiMonitorCoordinateTests.swift in Sources */ = {isa = PBXBuildFile; fileRef = 585B497914BE2E869DB88B72 /* MultiMonitorCoordinateTests.swift */; };
		844F49CE92CC471B57D2A93B /* AppLifecycleTests.swift in Sources */ = {isa = PBXBuildFile; fileRef = 26B38EDFCFBD703CF04B12FE /* AppLifecycleTests.swift */; };
		8FD8FB44E40A7070AAFAEAA8 /* AppState.swift in Sources */ = {isa = PBXBuildFile; fileRef = 7B9899AD4A927947EC5DB859 /* AppState.swift */; };
		A059A367F359FDFE7AE767BD /* PolishlyApp.swift in Sources */ = {isa = PBXBuildFile; fileRef = 012717E50F29471C90DD8AFD /* PolishlyApp.swift */; };
		B0A05DEFF2246A0C4176B232 /* LaunchAtLoginTests.swift in Sources */ = {isa = PBXBuildFile; fileRef = 437BA2B375940F53750D66B0 /* LaunchAtLoginTests.swift */; };
		B2D2D6579C2D869702CAA9C2 /* ShortcutManager.swift in Sources */ = {isa = PBXBuildFile; fileRef = BDAB804AE263DBD5BCF014EB /* ShortcutManager.swift */; };
		B84BAF93B8821F35013A28AE /* AppCapabilityManager.swift in Sources */ = {isa = PBXBuildFile; fileRef = 9F3B387A35E853A0CF62DC25 /* AppCapabilityManager.swift */; };
		C1898E3751C109E57FAA98E2 /* SelectionEngine.swift in Sources */ = {isa = PBXBuildFile; fileRef = 932420424C4DE42D62AE5929 /* SelectionEngine.swift */; };
		C55CC150D2D9C34F70C85BAD /* PopupViewModel.swift in Sources */ = {isa = PBXBuildFile; fileRef = F165E0DA1CBB82F0FBC6DDA4 /* PopupViewModel.swift */; };
		CC3610E4C20118541E4621A3 /* LLMProviderTests.swift in Sources */ = {isa = PBXBuildFile; fileRef = 8E153A4D25A9E4AA8909EF72 /* LLMProviderTests.swift */; };
		D5D4A449E2B2B796B8148CBF /* Phase5E2ETests.swift in Sources */ = {isa = PBXBuildFile; fileRef = 15D3F0495EF1EC3892ED4AD9 /* Phase5E2ETests.swift */; };
		D853979F7683C0EE8888679E /* RepeatedInteractionTests.swift in Sources */ = {isa = PBXBuildFile; fileRef = 658B189BB9ED242967A27454 /* RepeatedInteractionTests.swift */; };
		D91562976C4832F048DAADE3 /* DiscoveryTriggerView.swift in Sources */ = {isa = PBXBuildFile; fileRef = 55FE10AED3C93BDDC124E535 /* DiscoveryTriggerView.swift */; };
		ECF946E201900962E26A686D /* ShortcutManagerTests.swift in Sources */ = {isa = PBXBuildFile; fileRef = 2A97D15DD89469096510556A /* ShortcutManagerTests.swift */; };
		EDC96A2FB3871D6735C50C29 /* ClipboardManagerTests.swift in Sources */ = {isa = PBXBuildFile; fileRef = 823AB6B97F2BDC1EF141C196 /* ClipboardManagerTests.swift */; };
		EFEFE7D08E054DB4242E82C1 /* SettingsView.swift in Sources */ = {isa = PBXBuildFile; fileRef = D70659C458F87C1CB16D79E4 /* SettingsView.swift */; };
		F054B29CB6AA6369E3648B15 /* TriggerControllerTests.swift in Sources */ = {isa = PBXBuildFile; fileRef = FA59F8C5E06762FFD144FDB4 /* TriggerControllerTests.swift */; };
		F7A12D6974513EA9775BD77F /* PopupSizingTests.swift in Sources */ = {isa = PBXBuildFile; fileRef = 361045FD537E6E97D38AD837 /* PopupSizingTests.swift */; };
		FA3F4DB34E0979665491D3CF /* LaunchAtLogin.swift in Sources */ = {isa = PBXBuildFile; fileRef = B586F58A36EBAB8AB8E778E2 /* LaunchAtLogin.swift */; };
		FE892BA2D7330AA311166694 /* Assets.xcassets in Resources */ = {isa = PBXBuildFile; fileRef = 4D42ECD7DBC670AF37750AE5 /* Assets.xcassets */; };
		FF3D2A710B7B683841830F17 /* PopupCardView.swift in Sources */ = {isa = PBXBuildFile; fileRef = 6F5172E7CF45DF97294E58AC /* PopupCardView.swift */; };
/* End PBXBuildFile section */

/* Begin PBXContainerItemProxy section */
		3A0C839992B7B10975F1D360 /* PBXContainerItemProxy */ = {
			isa = PBXContainerItemProxy;
			containerPortal = 0FB264D4C7FB8DBE4119C8AD /* Project object */;
			proxyType = 1;
			remoteGlobalIDString = 73DDF88A5EC90E1E0676320E;
			remoteInfo = Polishly;
		};
/* End PBXContainerItemProxy section */

/* Begin PBXFileReference section */
		012717E50F29471C90DD8AFD /* PolishlyApp.swift */ = {isa = PBXFileReference; lastKnownFileType = sourcecode.swift; path = PolishlyApp.swift; sourceTree = "<group>"; };
		15D3F0495EF1EC3892ED4AD9 /* Phase5E2ETests.swift */ = {isa = PBXFileReference; lastKnownFileType = sourcecode.swift; path = Phase5E2ETests.swift; sourceTree = "<group>"; };
		26B38EDFCFBD703CF04B12FE /* AppLifecycleTests.swift */ = {isa = PBXFileReference; lastKnownFileType = sourcecode.swift; path = AppLifecycleTests.swift; sourceTree = "<group>"; };
		2A97D15DD89469096510556A /* ShortcutManagerTests.swift */ = {isa = PBXFileReference; lastKnownFileType = sourcecode.swift; path = ShortcutManagerTests.swift; sourceTree = "<group>"; };
		361045FD537E6E97D38AD837 /* PopupSizingTests.swift */ = {isa = PBXFileReference; lastKnownFileType = sourcecode.swift; path = PopupSizingTests.swift; sourceTree = "<group>"; };
		437BA2B375940F53750D66B0 /* LaunchAtLoginTests.swift */ = {isa = PBXFileReference; lastKnownFileType = sourcecode.swift; path = LaunchAtLoginTests.swift; sourceTree = "<group>"; };
		4D42ECD7DBC670AF37750AE5 /* Assets.xcassets */ = {isa = PBXFileReference; lastKnownFileType = folder.assetcatalog; path = Assets.xcassets; sourceTree = "<group>"; };
		54E6135DFCF295AEC9CD20DE /* AccessibilityManager.swift */ = {isa = PBXFileReference; lastKnownFileType = sourcecode.swift; path = AccessibilityManager.swift; sourceTree = "<group>"; };
		55FE10AED3C93BDDC124E535 /* DiscoveryTriggerView.swift */ = {isa = PBXFileReference; lastKnownFileType = sourcecode.swift; path = DiscoveryTriggerView.swift; sourceTree = "<group>"; };
		5665805D398D73966AA105E1 /* Polishly.app */ = {isa = PBXFileReference; explicitFileType = wrapper.application; includeInIndex = 0; path = Polishly.app; sourceTree = BUILT_PRODUCTS_DIR; };
		585B497914BE2E869DB88B72 /* MultiMonitorCoordinateTests.swift */ = {isa = PBXFileReference; lastKnownFileType = sourcecode.swift; path = MultiMonitorCoordinateTests.swift; sourceTree = "<group>"; };
		5A4608B24794524761D45053 /* OnboardingView.swift */ = {isa = PBXFileReference; lastKnownFileType = sourcecode.swift; path = OnboardingView.swift; sourceTree = "<group>"; };
		64601CB3FC142767BD2AE460 /* SelectionObserver.swift */ = {isa = PBXFileReference; lastKnownFileType = sourcecode.swift; path = SelectionObserver.swift; sourceTree = "<group>"; };
		658B189BB9ED242967A27454 /* RepeatedInteractionTests.swift */ = {isa = PBXFileReference; lastKnownFileType = sourcecode.swift; path = RepeatedInteractionTests.swift; sourceTree = "<group>"; };
		67DFA925FA03CEC065FECF5A /* PopupController.swift */ = {isa = PBXFileReference; lastKnownFileType = sourcecode.swift; path = PopupController.swift; sourceTree = "<group>"; };
		6F5172E7CF45DF97294E58AC /* PopupCardView.swift */ = {isa = PBXFileReference; lastKnownFileType = sourcecode.swift; path = PopupCardView.swift; sourceTree = "<group>"; };
		79DAE01F4758F96FD849B4D3 /* AnthropicClient.swift */ = {isa = PBXFileReference; lastKnownFileType = sourcecode.swift; path = AnthropicClient.swift; sourceTree = "<group>"; };
		7B9899AD4A927947EC5DB859 /* AppState.swift */ = {isa = PBXFileReference; lastKnownFileType = sourcecode.swift; path = AppState.swift; sourceTree = "<group>"; };
		823AB6B97F2BDC1EF141C196 /* ClipboardManagerTests.swift */ = {isa = PBXFileReference; lastKnownFileType = sourcecode.swift; path = ClipboardManagerTests.swift; sourceTree = "<group>"; };
		84CE0D98D783254898C90896 /* PolishlyTests.xctest */ = {isa = PBXFileReference; explicitFileType = wrapper.cfbundle; includeInIndex = 0; path = PolishlyTests.xctest; sourceTree = BUILT_PRODUCTS_DIR; };
		8A3B642E659AE95B1C76588C /* OnboardingTests.swift */ = {isa = PBXFileReference; lastKnownFileType = sourcecode.swift; path = OnboardingTests.swift; sourceTree = "<group>"; };
		8B0F624E6D5350319931FD54 /* KeychainHelper.swift */ = {isa = PBXFileReference; lastKnownFileType = sourcecode.swift; path = KeychainHelper.swift; sourceTree = "<group>"; };
		8E153A4D25A9E4AA8909EF72 /* LLMProviderTests.swift */ = {isa = PBXFileReference; lastKnownFileType = sourcecode.swift; path = LLMProviderTests.swift; sourceTree = "<group>"; };
		932420424C4DE42D62AE5929 /* SelectionEngine.swift */ = {isa = PBXFileReference; lastKnownFileType = sourcecode.swift; path = SelectionEngine.swift; sourceTree = "<group>"; };
		9F3B387A35E853A0CF62DC25 /* AppCapabilityManager.swift */ = {isa = PBXFileReference; lastKnownFileType = sourcecode.swift; path = AppCapabilityManager.swift; sourceTree = "<group>"; };
		B586F58A36EBAB8AB8E778E2 /* LaunchAtLogin.swift */ = {isa = PBXFileReference; lastKnownFileType = sourcecode.swift; path = LaunchAtLogin.swift; sourceTree = "<group>"; };
		BDAB804AE263DBD5BCF014EB /* ShortcutManager.swift */ = {isa = PBXFileReference; lastKnownFileType = sourcecode.swift; path = ShortcutManager.swift; sourceTree = "<group>"; };
		C1310BB1720EAF444BD8A02B /* ClipboardManager.swift */ = {isa = PBXFileReference; lastKnownFileType = sourcecode.swift; path = ClipboardManager.swift; sourceTree = "<group>"; };
		C933BC250C1F5B8012D57E15 /* ProviderManagementTests.swift */ = {isa = PBXFileReference; lastKnownFileType = sourcecode.swift; path = ProviderManagementTests.swift; sourceTree = "<group>"; };
		D70659C458F87C1CB16D79E4 /* SettingsView.swift */ = {isa = PBXFileReference; lastKnownFileType = sourcecode.swift; path = SettingsView.swift; sourceTree = "<group>"; };
		DE6722248A3B53077A2009C8 /* PopupViewModelTests.swift */ = {isa = PBXFileReference; lastKnownFileType = sourcecode.swift; path = PopupViewModelTests.swift; sourceTree = "<group>"; };
		E1A5A529A1BA785D51B24469 /* DiffEngine.swift */ = {isa = PBXFileReference; lastKnownFileType = sourcecode.swift; path = DiffEngine.swift; sourceTree = "<group>"; };
		E3FAA6D27778896B40736420 /* RewriteClientTests.swift */ = {isa = PBXFileReference; lastKnownFileType = sourcecode.swift; path = RewriteClientTests.swift; sourceTree = "<group>"; };
		F165E0DA1CBB82F0FBC6DDA4 /* PopupViewModel.swift */ = {isa = PBXFileReference; lastKnownFileType = sourcecode.swift; path = PopupViewModel.swift; sourceTree = "<group>"; };
		F9036ED9D14EC94302D9FDC3 /* AppCapabilityManagerTests.swift */ = {isa = PBXFileReference; lastKnownFileType = sourcecode.swift; path = AppCapabilityManagerTests.swift; sourceTree = "<group>"; };
		FA59F8C5E06762FFD144FDB4 /* TriggerControllerTests.swift */ = {isa = PBXFileReference; lastKnownFileType = sourcecode.swift; path = TriggerControllerTests.swift; sourceTree = "<group>"; };
		FFAB38663FDEC7BF665A0F30 /* SelectionObserverTests.swift */ = {isa = PBXFileReference; lastKnownFileType = sourcecode.swift; path = SelectionObserverTests.swift; sourceTree = "<group>"; };
/* End PBXFileReference section */

/* Begin PBXGroup section */
		0285398D114DCD3DF198A113 /* Polishly */ = {
			isa = PBXGroup;
			children = (
				4D42ECD7DBC670AF37750AE5 /* Assets.xcassets */,
			);
			path = Polishly;
			sourceTree = "<group>";
		};
		2C6F51C262B0C7983D9B190F = {
			isa = PBXGroup;
			children = (
				0285398D114DCD3DF198A113 /* Polishly */,
				4B079578892061F7D62C8904 /* Sources */,
				850FE8D4048F8B60D9AA1B3B /* Tests */,
				C4DA7EECFC56B76E8AC2BAC6 /* Products */,
			);
			sourceTree = "<group>";
		};
		4B079578892061F7D62C8904 /* Sources */ = {
			isa = PBXGroup;
			children = (
				BCF883722CC2F82B924F4E29 /* Polishly */,
			);
			path = Sources;
			sourceTree = "<group>";
		};
		4EBAAAFDD912AAD50EC80CFC /* Core */ = {
			isa = PBXGroup;
			children = (
				54E6135DFCF295AEC9CD20DE /* AccessibilityManager.swift */,
				79DAE01F4758F96FD849B4D3 /* AnthropicClient.swift */,
				9F3B387A35E853A0CF62DC25 /* AppCapabilityManager.swift */,
				7B9899AD4A927947EC5DB859 /* AppState.swift */,
				C1310BB1720EAF444BD8A02B /* ClipboardManager.swift */,
				E1A5A529A1BA785D51B24469 /* DiffEngine.swift */,
				8B0F624E6D5350319931FD54 /* KeychainHelper.swift */,
				B586F58A36EBAB8AB8E778E2 /* LaunchAtLogin.swift */,
				932420424C4DE42D62AE5929 /* SelectionEngine.swift */,
				64601CB3FC142767BD2AE460 /* SelectionObserver.swift */,
				BDAB804AE263DBD5BCF014EB /* ShortcutManager.swift */,
			);
			path = Core;
			sourceTree = "<group>";
		};
		4FA6DFBB71E5BAAB5FB36701 /* UI */ = {
			isa = PBXGroup;
			children = (
				55FE10AED3C93BDDC124E535 /* DiscoveryTriggerView.swift */,
				5A4608B24794524761D45053 /* OnboardingView.swift */,
				6F5172E7CF45DF97294E58AC /* PopupCardView.swift */,
				67DFA925FA03CEC065FECF5A /* PopupController.swift */,
				F165E0DA1CBB82F0FBC6DDA4 /* PopupViewModel.swift */,
				D70659C458F87C1CB16D79E4 /* SettingsView.swift */,
			);
			path = UI;
			sourceTree = "<group>";
		};
		8469EE0972C991B0A9F39853 /* PolishlyTests */ = {
			isa = PBXGroup;
			children = (
				F9036ED9D14EC94302D9FDC3 /* AppCapabilityManagerTests.swift */,
				26B38EDFCFBD703CF04B12FE /* AppLifecycleTests.swift */,
				823AB6B97F2BDC1EF141C196 /* ClipboardManagerTests.swift */,
				437BA2B375940F53750D66B0 /* LaunchAtLoginTests.swift */,
				8E153A4D25A9E4AA8909EF72 /* LLMProviderTests.swift */,
				585B497914BE2E869DB88B72 /* MultiMonitorCoordinateTests.swift */,
				8A3B642E659AE95B1C76588C /* OnboardingTests.swift */,
				15D3F0495EF1EC3892ED4AD9 /* Phase5E2ETests.swift */,
				361045FD537E6E97D38AD837 /* PopupSizingTests.swift */,
				DE6722248A3B53077A2009C8 /* PopupViewModelTests.swift */,
				C933BC250C1F5B8012D57E15 /* ProviderManagementTests.swift */,
				658B189BB9ED242967A27454 /* RepeatedInteractionTests.swift */,
				E3FAA6D27778896B40736420 /* RewriteClientTests.swift */,
				FFAB38663FDEC7BF665A0F30 /* SelectionObserverTests.swift */,
				2A97D15DD89469096510556A /* ShortcutManagerTests.swift */,
				FA59F8C5E06762FFD144FDB4 /* TriggerControllerTests.swift */,
			);
			path = PolishlyTests;
			sourceTree = "<group>";
		};
		850FE8D4048F8B60D9AA1B3B /* Tests */ = {
			isa = PBXGroup;
			children = (
				8469EE0972C991B0A9F39853 /* PolishlyTests */,
			);
			path = Tests;
			sourceTree = "<group>";
		};
		BCF883722CC2F82B924F4E29 /* Polishly */ = {
			isa = PBXGroup;
			children = (
				E1EB532F840DFE270C3B2BC1 /* App */,
				4EBAAAFDD912AAD50EC80CFC /* Core */,
				4FA6DFBB71E5BAAB5FB36701 /* UI */,
			);
			path = Polishly;
			sourceTree = "<group>";
		};
		C4DA7EECFC56B76E8AC2BAC6 /* Products */ = {
			isa = PBXGroup;
			children = (
				5665805D398D73966AA105E1 /* Polishly.app */,
				84CE0D98D783254898C90896 /* PolishlyTests.xctest */,
			);
			name = Products;
			sourceTree = "<group>";
		};
		E1EB532F840DFE270C3B2BC1 /* App */ = {
			isa = PBXGroup;
			children = (
				012717E50F29471C90DD8AFD /* PolishlyApp.swift */,
			);
			path = App;
			sourceTree = "<group>";
		};
/* End PBXGroup section */

/* Begin PBXNativeTarget section */
		00661CCE7BFF16A01EDC3B21 /* PolishlyTests */ = {
			isa = PBXNativeTarget;
			buildConfigurationList = 372822CE69D780CCE00E0507 /* Build configuration list for PBXNativeTarget "PolishlyTests" */;
			buildPhases = (
				42FD55C8878D090F26A9CB76 /* Sources */,
			);
			buildRules = (
			);
			dependencies = (
				512CE70CE22FB8578DB051C8 /* PBXTargetDependency */,
			);
			name = PolishlyTests;
			packageProductDependencies = (
			);
			productName = PolishlyTests;
			productReference = 84CE0D98D783254898C90896 /* PolishlyTests.xctest */;
			productType = "com.apple.product-type.bundle.unit-test";
		};
		73DDF88A5EC90E1E0676320E /* Polishly */ = {
			isa = PBXNativeTarget;
			buildConfigurationList = 398CE001EF753634EA839C0A /* Build configuration list for PBXNativeTarget "Polishly" */;
			buildPhases = (
				C9E632DD1AB67AA935A90F8A /* Sources */,
				7D836DAB22DCF609E82467D6 /* Resources */,
			);
			buildRules = (
			);
			dependencies = (
			);
			name = Polishly;
			packageProductDependencies = (
			);
			productName = Polishly;
			productReference = 5665805D398D73966AA105E1 /* Polishly.app */;
			productType = "com.apple.product-type.application";
		};
/* End PBXNativeTarget section */

/* Begin PBXProject section */
		0FB264D4C7FB8DBE4119C8AD /* Project object */ = {
			isa = PBXProject;
			attributes = {
				BuildIndependentTargetsInParallel = YES;
				LastUpgradeCheck = 1430;
				TargetAttributes = {
					00661CCE7BFF16A01EDC3B21 = {
						DevelopmentTeam = W26KHF87HS;
						ProvisioningStyle = Automatic;
					};
					73DDF88A5EC90E1E0676320E = {
						DevelopmentTeam = W26KHF87HS;
						ProvisioningStyle = Automatic;
					};
				};
			};
			buildConfigurationList = 5669D131C68840FFB76CA514 /* Build configuration list for PBXProject "Polishly" */;
			compatibilityVersion = "Xcode 14.0";
			developmentRegion = en;
			hasScannedForEncodings = 0;
			knownRegions = (
				Base,
				en,
			);
			mainGroup = 2C6F51C262B0C7983D9B190F;
			minimizedProjectReferenceProxies = 1;
			preferredProjectObjectVersion = 77;
			projectDirPath = "";
			projectRoot = "";
			targets = (
				73DDF88A5EC90E1E0676320E /* Polishly */,
				00661CCE7BFF16A01EDC3B21 /* PolishlyTests */,
			);
		};
/* End PBXProject section */

/* Begin PBXResourcesBuildPhase section */
		7D836DAB22DCF609E82467D6 /* Resources */ = {
			isa = PBXResourcesBuildPhase;
			buildActionMask = 2147483647;
			files = (
				FE892BA2D7330AA311166694 /* Assets.xcassets in Resources */,
			);
			runOnlyForDeploymentPostprocessing = 0;
		};
/* End PBXResourcesBuildPhase section */

/* Begin PBXSourcesBuildPhase section */
		42FD55C8878D090F26A9CB76 /* Sources */ = {
			isa = PBXSourcesBuildPhase;
			buildActionMask = 2147483647;
			files = (
				1E13AC51D226B4B72BF3040F /* AppCapabilityManagerTests.swift in Sources */,
				844F49CE92CC471B57D2A93B /* AppLifecycleTests.swift in Sources */,
				EDC96A2FB3871D6735C50C29 /* ClipboardManagerTests.swift in Sources */,
				CC3610E4C20118541E4621A3 /* LLMProviderTests.swift in Sources */,
				B0A05DEFF2246A0C4176B232 /* LaunchAtLoginTests.swift in Sources */,
				7EE58F085318E91D53D583D8 /* MultiMonitorCoordinateTests.swift in Sources */,
				3F872C6DFCE74AAB0185E3E6 /* OnboardingTests.swift in Sources */,
				D5D4A449E2B2B796B8148CBF /* Phase5E2ETests.swift in Sources */,
				F7A12D6974513EA9775BD77F /* PopupSizingTests.swift in Sources */,
				3553501E3EEF73383F858374 /* PopupViewModelTests.swift in Sources */,
				04F9E1FE15236A6BBDA64264 /* ProviderManagementTests.swift in Sources */,
				D853979F7683C0EE8888679E /* RepeatedInteractionTests.swift in Sources */,
				3DAC296056312AC69733B774 /* RewriteClientTests.swift in Sources */,
				07A6CC021D226C4E89592BC0 /* SelectionObserverTests.swift in Sources */,
				ECF946E201900962E26A686D /* ShortcutManagerTests.swift in Sources */,
				F054B29CB6AA6369E3648B15 /* TriggerControllerTests.swift in Sources */,
			);
			runOnlyForDeploymentPostprocessing = 0;
		};
		C9E632DD1AB67AA935A90F8A /* Sources */ = {
			isa = PBXSourcesBuildPhase;
			buildActionMask = 2147483647;
			files = (
				1E0E50F60459226D693D8CFC /* AccessibilityManager.swift in Sources */,
				5CFF4037F7F9FE48E30BEB8C /* AnthropicClient.swift in Sources */,
				B84BAF93B8821F35013A28AE /* AppCapabilityManager.swift in Sources */,
				8FD8FB44E40A7070AAFAEAA8 /* AppState.swift in Sources */,
				5DDCA55F7FA91EC4C3356113 /* ClipboardManager.swift in Sources */,
				23399386EC6FB65A2B0B085D /* DiffEngine.swift in Sources */,
				D91562976C4832F048DAADE3 /* DiscoveryTriggerView.swift in Sources */,
				393FA7812464815E9B0D2BE4 /* KeychainHelper.swift in Sources */,
				FA3F4DB34E0979665491D3CF /* LaunchAtLogin.swift in Sources */,
				1642C63BCE9BA66D7B0E6D98 /* OnboardingView.swift in Sources */,
				A059A367F359FDFE7AE767BD /* PolishlyApp.swift in Sources */,
				FF3D2A710B7B683841830F17 /* PopupCardView.swift in Sources */,
				5362AA3C6CA760B51C647732 /* PopupController.swift in Sources */,
				C55CC150D2D9C34F70C85BAD /* PopupViewModel.swift in Sources */,
				C1898E3751C109E57FAA98E2 /* SelectionEngine.swift in Sources */,
				5AC9577498A48B7E200B987E /* SelectionObserver.swift in Sources */,
				EFEFE7D08E054DB4242E82C1 /* SettingsView.swift in Sources */,
				B2D2D6579C2D869702CAA9C2 /* ShortcutManager.swift in Sources */,
			);
			runOnlyForDeploymentPostprocessing = 0;
		};
/* End PBXSourcesBuildPhase section */

/* Begin PBXTargetDependency section */
		512CE70CE22FB8578DB051C8 /* PBXTargetDependency */ = {
			isa = PBXTargetDependency;
			target = 73DDF88A5EC90E1E0676320E /* Polishly */;
			targetProxy = 3A0C839992B7B10975F1D360 /* PBXContainerItemProxy */;
		};
/* End PBXTargetDependency section */

/* Begin XCBuildConfiguration section */
		1C5427A7BCDE2764E915649F /* Release */ = {
			isa = XCBuildConfiguration;
			buildSettings = {
				BUNDLE_LOADER = "$(TEST_HOST)";
				CODE_SIGN_ENTITLEMENTS = "";
				COMBINE_HIDPI_IMAGES = YES;
				ENABLE_HARDENED_RUNTIME = NO;
				GENERATE_INFOPLIST_FILE = YES;
				LD_RUNPATH_SEARCH_PATHS = (
					"$(inherited)",
					"@executable_path/../Frameworks",
					"@loader_path/../Frameworks",
				);
				PRODUCT_BUNDLE_IDENTIFIER = com.polishly.PolishlyTests;
				PRODUCT_MODULE_NAME = PolishlyTests;
				PRODUCT_NAME = PolishlyTests;
				SDKROOT = macosx;
				TEST_HOST = "$(BUILT_PRODUCTS_DIR)/Polishly.app/Contents/MacOS/Polishly";
			};
			name = Release;
		};
		1D036D12FDAD7FEAFE737046 /* Release */ = {
			isa = XCBuildConfiguration;
			buildSettings = {
				ASSETCATALOG_COMPILER_APPICON_NAME = AppIcon;
				CODE_SIGN_ENTITLEMENTS = Polishly/Polishly.entitlements;
				CODE_SIGN_STYLE = Automatic;
				COMBINE_HIDPI_IMAGES = YES;
				DEVELOPMENT_TEAM = W26KHF87HS;
				ENABLE_HARDENED_RUNTIME = YES;
				GENERATE_INFOPLIST_FILE = NO;
				INFOPLIST_FILE = Polishly/Info.plist;
				LD_RUNPATH_SEARCH_PATHS = (
					"$(inherited)",
					"@executable_path/../Frameworks",
				);
				PRODUCT_BUNDLE_IDENTIFIER = com.polishly.Polishly;
				PRODUCT_MODULE_NAME = Polishly;
				PRODUCT_NAME = Polishly;
				SDKROOT = macosx;
			};
			name = Release;
		};
		398DC487E243C66629498DD3 /* Debug */ = {
			isa = XCBuildConfiguration;
			buildSettings = {
				BUNDLE_LOADER = "$(TEST_HOST)";
				CODE_SIGN_ENTITLEMENTS = "";
				COMBINE_HIDPI_IMAGES = YES;
				ENABLE_HARDENED_RUNTIME = NO;
				GENERATE_INFOPLIST_FILE = YES;
				LD_RUNPATH_SEARCH_PATHS = (
					"$(inherited)",
					"@executable_path/../Frameworks",
					"@loader_path/../Frameworks",
				);
				PRODUCT_BUNDLE_IDENTIFIER = com.polishly.PolishlyTests;
				PRODUCT_MODULE_NAME = PolishlyTests;
				PRODUCT_NAME = PolishlyTests;
				SDKROOT = macosx;
				TEST_HOST = "$(BUILT_PRODUCTS_DIR)/Polishly.app/Contents/MacOS/Polishly";
			};
			name = Debug;
		};
		706786358E8D453449E0C33F /* Debug */ = {
			isa = XCBuildConfiguration;
			buildSettings = {
				ASSETCATALOG_COMPILER_APPICON_NAME = AppIcon;
				CODE_SIGN_ENTITLEMENTS = Polishly/Polishly.entitlements;
				CODE_SIGN_STYLE = Automatic;
				COMBINE_HIDPI_IMAGES = YES;
				DEVELOPMENT_TEAM = W26KHF87HS;
				ENABLE_HARDENED_RUNTIME = YES;
				GENERATE_INFOPLIST_FILE = NO;
				INFOPLIST_FILE = Polishly/Info.plist;
				LD_RUNPATH_SEARCH_PATHS = (
					"$(inherited)",
					"@executable_path/../Frameworks",
				);
				PRODUCT_BUNDLE_IDENTIFIER = com.polishly.Polishly;
				PRODUCT_MODULE_NAME = Polishly;
				PRODUCT_NAME = Polishly;
				SDKROOT = macosx;
			};
			name = Debug;
		};
		D38AD020D152917A8EC8FD2E /* Release */ = {
			isa = XCBuildConfiguration;
			buildSettings = {
				ALWAYS_SEARCH_USER_PATHS = NO;
				CLANG_ANALYZER_NONNULL = YES;
				CLANG_ANALYZER_NUMBER_OBJECT_CONVERSION = YES_AGGRESSIVE;
				CLANG_COVERAGE_MAPPING = NO;
				CLANG_CXX_LANGUAGE_STANDARD = "gnu++14";
				CLANG_CXX_LIBRARY = "libc++";
				CLANG_ENABLE_CODE_COVERAGE = NO;
				CLANG_ENABLE_MODULES = YES;
				CLANG_ENABLE_OBJC_ARC = YES;
				CLANG_ENABLE_OBJC_WEAK = YES;
				CLANG_WARN_BLOCK_CAPTURE_AUTORELEASING = YES;
				CLANG_WARN_BOOL_CONVERSION = YES;
				CLANG_WARN_COMMA = YES;
				CLANG_WARN_CONSTANT_CONVERSION = YES;
				CLANG_WARN_DEPRECATED_OBJC_IMPLEMENTATIONS = YES;
				CLANG_WARN_DIRECT_OBJC_ISA_USAGE = YES_ERROR;
				CLANG_WARN_DOCUMENTATION_COMMENTS = YES;
				CLANG_WARN_EMPTY_BODY = YES;
				CLANG_WARN_ENUM_CONVERSION = YES;
				CLANG_WARN_INFINITE_RECURSION = YES;
				CLANG_WARN_INT_CONVERSION = YES;
				CLANG_WARN_NON_LITERAL_NULL_CONVERSION = YES;
				CLANG_WARN_OBJC_IMPLICIT_RETAIN_SELF = YES;
				CLANG_WARN_OBJC_LITERAL_CONVERSION = YES;
				CLANG_WARN_OBJC_ROOT_CLASS = YES_ERROR;
				CLANG_WARN_QUOTED_INCLUDE_IN_FRAMEWORK_HEADER = YES;
				CLANG_WARN_RANGE_LOOP_ANALYSIS = YES;
				CLANG_WARN_STRICT_PROTOTYPES = YES;
				CLANG_WARN_SUSPICIOUS_MOVE = YES;
				CLANG_WARN_UNGUARDED_AVAILABILITY = YES_AGGRESSIVE;
				CLANG_WARN_UNREACHABLE_CODE = YES;
				CLANG_WARN__DUPLICATE_METHOD_MATCH = YES;
				CODE_SIGN_STYLE = Automatic;
				COPY_PHASE_STRIP = YES;
				CURRENT_PROJECT_VERSION = 2;
				DEAD_CODE_STRIPPING = YES;
				DEBUG_INFORMATION_FORMAT = "dwarf-with-dsym";
				DEVELOPMENT_TEAM = W26KHF87HS;
				ENABLE_CODE_COVERAGE = NO;
				ENABLE_NS_ASSERTIONS = NO;
				ENABLE_STRICT_OBJC_MSGSEND = YES;
				ENABLE_TESTABILITY = NO;
				GCC_C_LANGUAGE_STANDARD = gnu11;
				GCC_NO_COMMON_BLOCKS = YES;
				GCC_WARN_64_TO_32_BIT_CONVERSION = YES;
				GCC_WARN_ABOUT_RETURN_TYPE = YES_ERROR;
				GCC_WARN_UNDECLARED_SELECTOR = YES;
				GCC_WARN_UNINITIALIZED_AUTOS = YES_AGGRESSIVE;
				GCC_WARN_UNUSED_FUNCTION = YES;
				GCC_WARN_UNUSED_VARIABLE = YES;
				MACOSX_DEPLOYMENT_TARGET = 14.0;
				MARKETING_VERSION = 1.0.0;
				MTL_ENABLE_DEBUG_INFO = NO;
				MTL_FAST_MATH = YES;
				ONLY_ACTIVE_ARCH = NO;
				PRODUCT_NAME = "$(TARGET_NAME)";
				SDKROOT = macosx;
				SWIFT_COMPILATION_MODE = wholemodule;
				SWIFT_ENABLE_TESTABILITY = NO;
				SWIFT_OPTIMIZATION_LEVEL = "-O";
				SWIFT_VERSION = 5.0;
			};
			name = Release;
		};
		F6D0BB8E85910BB405B7EF9F /* Debug */ = {
			isa = XCBuildConfiguration;
			buildSettings = {
				ALWAYS_SEARCH_USER_PATHS = NO;
				CLANG_ANALYZER_NONNULL = YES;
				CLANG_ANALYZER_NUMBER_OBJECT_CONVERSION = YES_AGGRESSIVE;
				CLANG_CXX_LANGUAGE_STANDARD = "gnu++14";
				CLANG_CXX_LIBRARY = "libc++";
				CLANG_ENABLE_MODULES = YES;
				CLANG_ENABLE_OBJC_ARC = YES;
				CLANG_ENABLE_OBJC_WEAK = YES;
				CLANG_WARN_BLOCK_CAPTURE_AUTORELEASING = YES;
				CLANG_WARN_BOOL_CONVERSION = YES;
				CLANG_WARN_COMMA = YES;
				CLANG_WARN_CONSTANT_CONVERSION = YES;
				CLANG_WARN_DEPRECATED_OBJC_IMPLEMENTATIONS = YES;
				CLANG_WARN_DIRECT_OBJC_ISA_USAGE = YES_ERROR;
				CLANG_WARN_DOCUMENTATION_COMMENTS = YES;
				CLANG_WARN_EMPTY_BODY = YES;
				CLANG_WARN_ENUM_CONVERSION = YES;
				CLANG_WARN_INFINITE_RECURSION = YES;
				CLANG_WARN_INT_CONVERSION = YES;
				CLANG_WARN_NON_LITERAL_NULL_CONVERSION = YES;
				CLANG_WARN_OBJC_IMPLICIT_RETAIN_SELF = YES;
				CLANG_WARN_OBJC_LITERAL_CONVERSION = YES;
				CLANG_WARN_OBJC_ROOT_CLASS = YES_ERROR;
				CLANG_WARN_QUOTED_INCLUDE_IN_FRAMEWORK_HEADER = YES;
				CLANG_WARN_RANGE_LOOP_ANALYSIS = YES;
				CLANG_WARN_STRICT_PROTOTYPES = YES;
				CLANG_WARN_SUSPICIOUS_MOVE = YES;
				CLANG_WARN_UNGUARDED_AVAILABILITY = YES_AGGRESSIVE;
				CLANG_WARN_UNREACHABLE_CODE = YES;
				CLANG_WARN__DUPLICATE_METHOD_MATCH = YES;
				CODE_SIGN_STYLE = Automatic;
				COPY_PHASE_STRIP = NO;
				CURRENT_PROJECT_VERSION = 2;
				DEBUG_INFORMATION_FORMAT = dwarf;
				DEVELOPMENT_TEAM = W26KHF87HS;
				ENABLE_STRICT_OBJC_MSGSEND = YES;
				ENABLE_TESTABILITY = YES;
				GCC_C_LANGUAGE_STANDARD = gnu11;
				GCC_DYNAMIC_NO_PIC = NO;
				GCC_NO_COMMON_BLOCKS = YES;
				GCC_OPTIMIZATION_LEVEL = 0;
				GCC_PREPROCESSOR_DEFINITIONS = (
					"$(inherited)",
					"DEBUG=1",
				);
				GCC_WARN_64_TO_32_BIT_CONVERSION = YES;
				GCC_WARN_ABOUT_RETURN_TYPE = YES_ERROR;
				GCC_WARN_UNDECLARED_SELECTOR = YES;
				GCC_WARN_UNINITIALIZED_AUTOS = YES_AGGRESSIVE;
				GCC_WARN_UNUSED_FUNCTION = YES;
				GCC_WARN_UNUSED_VARIABLE = YES;
				MACOSX_DEPLOYMENT_TARGET = 14.0;
				MARKETING_VERSION = 1.0.0;
				MTL_ENABLE_DEBUG_INFO = INCLUDE_SOURCE;
				MTL_FAST_MATH = YES;
				ONLY_ACTIVE_ARCH = YES;
				PRODUCT_NAME = "$(TARGET_NAME)";
				SDKROOT = macosx;
				SWIFT_ACTIVE_COMPILATION_CONDITIONS = DEBUG;
				SWIFT_OPTIMIZATION_LEVEL = "-Onone";
				SWIFT_VERSION = 5.0;
			};
			name = Debug;
		};
/* End XCBuildConfiguration section */

/* Begin XCConfigurationList section */
		372822CE69D780CCE00E0507 /* Build configuration list for PBXNativeTarget "PolishlyTests" */ = {
			isa = XCConfigurationList;
			buildConfigurations = (
				398DC487E243C66629498DD3 /* Debug */,
				1C5427A7BCDE2764E915649F /* Release */,
			);
			defaultConfigurationIsVisible = 0;
			defaultConfigurationName = Debug;
		};
		398CE001EF753634EA839C0A /* Build configuration list for PBXNativeTarget "Polishly" */ = {
			isa = XCConfigurationList;
			buildConfigurations = (
				706786358E8D453449E0C33F /* Debug */,
				1D036D12FDAD7FEAFE737046 /* Release */,
			);
			defaultConfigurationIsVisible = 0;
			defaultConfigurationName = Debug;
		};
		5669D131C68840FFB76CA514 /* Build configuration list for PBXProject "Polishly" */ = {
			isa = XCConfigurationList;
			buildConfigurations = (
				F6D0BB8E85910BB405B7EF9F /* Debug */,
				D38AD020D152917A8EC8FD2E /* Release */,
			);
			defaultConfigurationIsVisible = 0;
			defaultConfigurationName = Debug;
		};
/* End XCConfigurationList section */
	};
	rootObject = 0FB264D4C7FB8DBE4119C8AD /* Project object */;
}
